{
  "pins" : [
    {
      "identity" : "fitscore",
      "kind" : "remoteSourceControl",
      "location" : "https://github.com/brampf/fitscore",
      "state" : {
        "revision" : "a750b171ad4efb2348564a3473ade03c8c4f3ec4",
        "version" : "0.3.0"
      }
    },
    {
      "identity" : "swift-numerics",
      "kind" : "remoteSourceControl",
      "location" : "https://github.com/apple/swift-numerics",
      "state" : {
        "revision" : "6583ac70c326c3ee080c1d42d9ca3361dca816cd",
        "version" : "0.1.0"
      }
    },
    {
      "identity" : "xmlparsing",
      "kind" : "remoteSourceControl",
      "location" : "https://github.com/ShawnMoore/XMLParsing",
      "state" : {
        "revision" : "2b77a8078d9695aac1a0e5806768e819025174c3",
        "version" : "0.0.3"
      }
    }
  ],
  "version" : 2
}
