// !$*UTF8*$!
{
	archiveVersion = 1;
	classes = {
	};
	objectVersion = 56;
	objects = {

/* Begin PBXBuildFile section */
		710168852955621D00E0B028 /* MinMaxPicker.swift in Sources */ = {isa = PBXBuildFile; fileRef = 710168842955621D00E0B028 /* MinMaxPicker.swift */; };
		7109A3F5292EBA7A00980527 /* MoonData.swift in Sources */ = {isa = PBXBuildFile; fileRef = 7109A3F4292EBA7A00980527 /* MoonData.swift */; };
		710BF588294BF18900A72073 /* ConfigSection.swift in Sources */ = {isa = PBXBuildFile; fileRef = 710BF587294BF18900A72073 /* ConfigSection.swift */; };
		710D497729316B4F003F41F1 /* DailyReportView.swift in Sources */ = {isa = PBXBuildFile; fileRef = 710D497629316B4F003F41F1 /* DailyReportView.swift */; };
		710ECDAD2965E68F00534D15 /* Catalog.json in Resources */ = {isa = PBXBuildFile; fileRef = 710ECDAC2965E68F00534D15 /* Catalog.json */; };
		710ECDAE2965E68F00534D15 /* Catalog.json in Resources */ = {isa = PBXBuildFile; fileRef = 710ECDAC2965E68F00534D15 /* Catalog.json */; };
		711386F729C3548C00081584 /* Filter.swift in Sources */ = {isa = PBXBuildFile; fileRef = 711386F629C3548C00081584 /* Filter.swift */; };
		711386F829C3548C00081584 /* Filter.swift in Sources */ = {isa = PBXBuildFile; fileRef = 711386F629C3548C00081584 /* Filter.swift */; };
		711386F929C3548C00081584 /* Filter.swift in Sources */ = {isa = PBXBuildFile; fileRef = 711386F629C3548C00081584 /* Filter.swift */; };
		711386FA29C3548C00081584 /* Filter.swift in Sources */ = {isa = PBXBuildFile; fileRef = 711386F629C3548C00081584 /* Filter.swift */; };
		711386FB29C3548C00081584 /* Filter.swift in Sources */ = {isa = PBXBuildFile; fileRef = 711386F629C3548C00081584 /* Filter.swift */; };
		711386FD29C356CA00081584 /* TopFiveView.swift in Sources */ = {isa = PBXBuildFile; fileRef = 711386FC29C356CA00081584 /* TopFiveView.swift */; };
		7113870329C3571400081584 /* FilterButtonMenuView.swift in Sources */ = {isa = PBXBuildFile; fileRef = 7113870229C3571400081584 /* FilterButtonMenuView.swift */; };
		7135117B29B2819300725B1D /* DailyReport.swift in Sources */ = {isa = PBXBuildFile; fileRef = 716531E929340CFE00D05B79 /* DailyReport.swift */; };
		7135117C29B2820B00725B1D /* NetworkManager.swift in Sources */ = {isa = PBXBuildFile; fileRef = 71BCF9742921EF6D008C7614 /* NetworkManager.swift */; };
		7135117D29B2829C00725B1D /* FetchError.swift in Sources */ = {isa = PBXBuildFile; fileRef = 718CA9A729244FD600F3F5A7 /* FetchError.swift */; };
		71375E6B2980DB6F00B95F2E /* TargetSettingsView.swift in Sources */ = {isa = PBXBuildFile; fileRef = 71375E6A2980DB6F00B95F2E /* TargetSettingsView.swift */; };
		713B49B82954122D008EFC81 /* LocationSettings.swift in Sources */ = {isa = PBXBuildFile; fileRef = 713B49B72954122D008EFC81 /* LocationSettings.swift */; };
		713B49BC29541242008EFC81 /* DailyReportSettingsModal.swift in Sources */ = {isa = PBXBuildFile; fileRef = 713B49BB29541242008EFC81 /* DailyReportSettingsModal.swift */; };
		71462F3329A2E6A100F2914C /* ToolbarLogo.swift in Sources */ = {isa = PBXBuildFile; fileRef = 71462F3229A2E6A100F2914C /* ToolbarLogo.swift */; };
		714BB85329A094810084D438 /* TopTenTabView.swift in Sources */ = {isa = PBXBuildFile; fileRef = 714BB85229A094810084D438 /* TopTenTabView.swift */; };
		714E54CE293D52B00039ECE0 /* LocationManager.swift in Sources */ = {isa = PBXBuildFile; fileRef = 714E54CD293D52B00039ECE0 /* LocationManager.swift */; };
		7156743029273ECA00626B1B /* AboutView.swift in Sources */ = {isa = PBXBuildFile; fileRef = 7156742F29273ECA00626B1B /* AboutView.swift */; };
		7162D33E2964DBF1007C8710 /* WidgetKit.framework in Frameworks */ = {isa = PBXBuildFile; fileRef = 7162D33D2964DBF0007C8710 /* WidgetKit.framework */; };
		7162D3402964DBF1007C8710 /* SwiftUI.framework in Frameworks */ = {isa = PBXBuildFile; fileRef = 7162D33F2964DBF1007C8710 /* SwiftUI.framework */; };
		7162D3432964DBF1007C8710 /* DeepSkyCatalogWidgetBundle.swift in Sources */ = {isa = PBXBuildFile; fileRef = 7162D3422964DBF1007C8710 /* DeepSkyCatalogWidgetBundle.swift */; };
		7162D3452964DBF1007C8710 /* ReportListWidget.swift in Sources */ = {isa = PBXBuildFile; fileRef = 7162D3442964DBF1007C8710 /* ReportListWidget.swift */; };
		7162D34B2964DBF1007C8710 /* DeepSkyCatalogWidgetExtension.appex in Embed Foundation Extensions */ = {isa = PBXBuildFile; fileRef = 7162D33B2964DBF0007C8710 /* DeepSkyCatalogWidgetExtension.appex */; settings = {ATTRIBUTES = (RemoveHeadersOnCopy, ); }; };
		7162D3502964E906007C8710 /* DeepSkyTarget.swift in Sources */ = {isa = PBXBuildFile; fileRef = 71BCF9722921EF6D008C7614 /* DeepSkyTarget.swift */; };
		7162D3512964E909007C8710 /* DeepSkyTargetList.swift in Sources */ = {isa = PBXBuildFile; fileRef = 71BCF9712921EF6D008C7614 /* DeepSkyTargetList.swift */; };
		7164CECC29BE4E72000A154A /* Intents.framework in Frameworks */ = {isa = PBXBuildFile; fileRef = 7164CECB29BE4E72000A154A /* Intents.framework */; };
		7164CECF29BE4E72000A154A /* IntentHandler.swift in Sources */ = {isa = PBXBuildFile; fileRef = 7164CECE29BE4E72000A154A /* IntentHandler.swift */; };
		7164CED329BE4E72000A154A /* DeepSkyCatalogIntents.appex in Embed Foundation Extensions */ = {isa = PBXBuildFile; fileRef = 7164CECA29BE4E72000A154A /* DeepSkyCatalogIntents.appex */; settings = {ATTRIBUTES = (RemoveHeadersOnCopy, ); }; };
		7164CED929BE4FDA000A154A /* PersistenceManager.swift in Sources */ = {isa = PBXBuildFile; fileRef = 71BCF9552921EE72008C7614 /* PersistenceManager.swift */; };
		7164CEDA29BE4FDC000A154A /* DeepSkyCatalog.xcdatamodeld in Sources */ = {isa = PBXBuildFile; fileRef = 71BCF9572921EE72008C7614 /* DeepSkyCatalog.xcdatamodeld */; };
		7164CEDB29BE8F6A000A154A /* DeepSkyTargetList.swift in Sources */ = {isa = PBXBuildFile; fileRef = 71BCF9712921EF6D008C7614 /* DeepSkyTargetList.swift */; };
		7164CEDC29BE8F6E000A154A /* DeepSkyTarget.swift in Sources */ = {isa = PBXBuildFile; fileRef = 71BCF9722921EF6D008C7614 /* DeepSkyTarget.swift */; };
		7164CEDD29BE8F77000A154A /* Catalog.json in Resources */ = {isa = PBXBuildFile; fileRef = 710ECDAC2965E68F00534D15 /* Catalog.json */; };
		7164CEDE29BE8F79000A154A /* TargetCatalog.swift in Sources */ = {isa = PBXBuildFile; fileRef = 71B5AF95292C778D00323693 /* TargetCatalog.swift */; };
		7164CEDF29BE8F7C000A154A /* TargetType.swift in Sources */ = {isa = PBXBuildFile; fileRef = 71BCF97D2921EF8B008C7614 /* TargetType.swift */; };
		7164CEE029BE8F7E000A154A /* Constellation.swift in Sources */ = {isa = PBXBuildFile; fileRef = 71901C7629299D5C00D95AA5 /* Constellation.swift */; };
		7164CEE129BE8F81000A154A /* SortMethods.swift in Sources */ = {isa = PBXBuildFile; fileRef = 71BD753E2971044D00D7751F /* SortMethods.swift */; };
		7164CEE229BE8F83000A154A /* FilterMethods.swift in Sources */ = {isa = PBXBuildFile; fileRef = 71BD7541297104AB00D7751F /* FilterMethods.swift */; };
		7164CEE329BE8F8B000A154A /* PlaceValue.swift in Sources */ = {isa = PBXBuildFile; fileRef = 71B5FD1B294EBECF00833379 /* PlaceValue.swift */; };
		7164CEE429BE8F8D000A154A /* CaseNameCodable.swift in Sources */ = {isa = PBXBuildFile; fileRef = 71F510BB297605E9008F7629 /* CaseNameCodable.swift */; };
		7164CEE529BE8F95000A154A /* SunData.swift in Sources */ = {isa = PBXBuildFile; fileRef = 71BCF9802921EF8B008C7614 /* SunData.swift */; };
		7164CEE629BE8F98000A154A /* MoonData.swift in Sources */ = {isa = PBXBuildFile; fileRef = 7109A3F4292EBA7A00980527 /* MoonData.swift */; };
		7164CEE729BE8F9A000A154A /* FetchError.swift in Sources */ = {isa = PBXBuildFile; fileRef = 718CA9A729244FD600F3F5A7 /* FetchError.swift */; };
		7164CEE829BE8F9C000A154A /* NetworkManager.swift in Sources */ = {isa = PBXBuildFile; fileRef = 71BCF9742921EF6D008C7614 /* NetworkManager.swift */; };
		7164CEE929BE8FA6000A154A /* Date+Ext.swift in Sources */ = {isa = PBXBuildFile; fileRef = 71BCF97A2921EF8B008C7614 /* Date+Ext.swift */; };
		7164CEEA29BE8FA8000A154A /* String+Ext.swift in Sources */ = {isa = PBXBuildFile; fileRef = 71BCF97B2921EF8B008C7614 /* String+Ext.swift */; };
		7164CEEB29BE8FAA000A154A /* Double+Ext.swift in Sources */ = {isa = PBXBuildFile; fileRef = 71D77FA72921F99200709252 /* Double+Ext.swift */; };
		7164CEED29BE8FB4000A154A /* Environment+Ext.swift in Sources */ = {isa = PBXBuildFile; fileRef = 71F71572293FB4010011EF7F /* Environment+Ext.swift */; };
		7164CEEE29BE8FB5000A154A /* Environment+Ext.swift in Sources */ = {isa = PBXBuildFile; fileRef = 71F71572293FB4010011EF7F /* Environment+Ext.swift */; };
		7164CEEF29BE8FB5000A154A /* Environment+Ext.swift in Sources */ = {isa = PBXBuildFile; fileRef = 71F71572293FB4010011EF7F /* Environment+Ext.swift */; };
		7164CEF029BE8FE6000A154A /* DailyReport.swift in Sources */ = {isa = PBXBuildFile; fileRef = 716531E929340CFE00D05B79 /* DailyReport.swift */; };
		7164CEF229BE97C7000A154A /* UIImage+Ext.swift in Sources */ = {isa = PBXBuildFile; fileRef = 7164CEF129BE97C7000A154A /* UIImage+Ext.swift */; };
		7164CEF329BE97C7000A154A /* UIImage+Ext.swift in Sources */ = {isa = PBXBuildFile; fileRef = 7164CEF129BE97C7000A154A /* UIImage+Ext.swift */; };
		716531EA29340CFE00D05B79 /* DailyReport.swift in Sources */ = {isa = PBXBuildFile; fileRef = 716531E929340CFE00D05B79 /* DailyReport.swift */; };
		71668ACC298F25F000AB0D19 /* CaseNameCodable.swift in Sources */ = {isa = PBXBuildFile; fileRef = 71F510BB297605E9008F7629 /* CaseNameCodable.swift */; };
		71668AD0298F266300AB0D19 /* String+Ext.swift in Sources */ = {isa = PBXBuildFile; fileRef = 71BCF97B2921EF8B008C7614 /* String+Ext.swift */; };
		71668AD5298F26AC00AB0D19 /* String+iOSExt.swift in Sources */ = {isa = PBXBuildFile; fileRef = 71668AD4298F26AC00AB0D19 /* String+iOSExt.swift */; };
		71694BB529C00FD400EBB15F /* ImagingPreset+Ext.swift in Sources */ = {isa = PBXBuildFile; fileRef = 71694BB429C00FD400EBB15F /* ImagingPreset+Ext.swift */; };
		71694BB629C00FD400EBB15F /* ImagingPreset+Ext.swift in Sources */ = {isa = PBXBuildFile; fileRef = 71694BB429C00FD400EBB15F /* ImagingPreset+Ext.swift */; };
		71694BB729C00FD400EBB15F /* ImagingPreset+Ext.swift in Sources */ = {isa = PBXBuildFile; fileRef = 71694BB429C00FD400EBB15F /* ImagingPreset+Ext.swift */; };
		71694BB829C00FD400EBB15F /* ImagingPreset+Ext.swift in Sources */ = {isa = PBXBuildFile; fileRef = 71694BB429C00FD400EBB15F /* ImagingPreset+Ext.swift */; };
		71694BB929C00FD400EBB15F /* ImagingPreset+Ext.swift in Sources */ = {isa = PBXBuildFile; fileRef = 71694BB429C00FD400EBB15F /* ImagingPreset+Ext.swift */; };
		716A19BB298F58A90025DB67 /* Mac_HomeView.swift in Sources */ = {isa = PBXBuildFile; fileRef = 716A19BA298F58A90025DB67 /* Mac_HomeView.swift */; };
		716A19BC298F5B270025DB67 /* PlaceValue.swift in Sources */ = {isa = PBXBuildFile; fileRef = 71B5FD1B294EBECF00833379 /* PlaceValue.swift */; };
		716A19BD298F5B270025DB67 /* PlaceValue.swift in Sources */ = {isa = PBXBuildFile; fileRef = 71B5FD1B294EBECF00833379 /* PlaceValue.swift */; };
		717051DB29CE7A6D00D4EE1A /* LocationPickerModal.swift in Sources */ = {isa = PBXBuildFile; fileRef = 717051DA29CE7A6D00D4EE1A /* LocationPickerModal.swift */; };
		7181F004299BCFD1002841A8 /* TargetCuratorApp.swift in Sources */ = {isa = PBXBuildFile; fileRef = 7181F003299BCFD1002841A8 /* TargetCuratorApp.swift */; };
		7181F006299BCFD1002841A8 /* ContentView.swift in Sources */ = {isa = PBXBuildFile; fileRef = 7181F005299BCFD1002841A8 /* ContentView.swift */; };
		7181F015299BCFF1002841A8 /* Catalog.json in Resources */ = {isa = PBXBuildFile; fileRef = 710ECDAC2965E68F00534D15 /* Catalog.json */; };
		7181F016299BCFF4002841A8 /* DeepSkyTarget.swift in Sources */ = {isa = PBXBuildFile; fileRef = 71BCF9722921EF6D008C7614 /* DeepSkyTarget.swift */; };
		7181F017299BCFF6002841A8 /* DeepSkyTargetList.swift in Sources */ = {isa = PBXBuildFile; fileRef = 71BCF9712921EF6D008C7614 /* DeepSkyTargetList.swift */; };
		7181F018299BCFF9002841A8 /* TargetCatalog.swift in Sources */ = {isa = PBXBuildFile; fileRef = 71B5AF95292C778D00323693 /* TargetCatalog.swift */; };
		7181F019299BCFFB002841A8 /* TargetType.swift in Sources */ = {isa = PBXBuildFile; fileRef = 71BCF97D2921EF8B008C7614 /* TargetType.swift */; };
		7181F01A299BCFFD002841A8 /* Constellation.swift in Sources */ = {isa = PBXBuildFile; fileRef = 71901C7629299D5C00D95AA5 /* Constellation.swift */; };
		7181F01B299BCFFF002841A8 /* SortMethods.swift in Sources */ = {isa = PBXBuildFile; fileRef = 71BD753E2971044D00D7751F /* SortMethods.swift */; };
		7181F01C299BD001002841A8 /* FilterMethods.swift in Sources */ = {isa = PBXBuildFile; fileRef = 71BD7541297104AB00D7751F /* FilterMethods.swift */; };
		7181F01E299BD019002841A8 /* Date+Ext.swift in Sources */ = {isa = PBXBuildFile; fileRef = 71BCF97A2921EF8B008C7614 /* Date+Ext.swift */; };
		7181F01F299BD01B002841A8 /* String+Ext.swift in Sources */ = {isa = PBXBuildFile; fileRef = 71BCF97B2921EF8B008C7614 /* String+Ext.swift */; };
		7181F020299BD01E002841A8 /* Double+Ext.swift in Sources */ = {isa = PBXBuildFile; fileRef = 71D77FA72921F99200709252 /* Double+Ext.swift */; };
		7181F021299BD03F002841A8 /* DeepSkyCatalog.xcdatamodeld in Sources */ = {isa = PBXBuildFile; fileRef = 71BCF9572921EE72008C7614 /* DeepSkyCatalog.xcdatamodeld */; };
		7181F022299BD041002841A8 /* PersistenceManager.swift in Sources */ = {isa = PBXBuildFile; fileRef = 71BCF9552921EE72008C7614 /* PersistenceManager.swift */; };
		7181F023299BD046002841A8 /* NetworkManager.swift in Sources */ = {isa = PBXBuildFile; fileRef = 71BCF9742921EF6D008C7614 /* NetworkManager.swift */; };
		7181F024299BD049002841A8 /* FetchError.swift in Sources */ = {isa = PBXBuildFile; fileRef = 718CA9A729244FD600F3F5A7 /* FetchError.swift */; };
		7181F026299BD05D002841A8 /* Assets.xcassets in Resources */ = {isa = PBXBuildFile; fileRef = 71BCF9502921EE72008C7614 /* Assets.xcassets */; };
		7181F028299BD0D0002841A8 /* TargetEditor.swift in Sources */ = {isa = PBXBuildFile; fileRef = 7181F027299BD0D0002841A8 /* TargetEditor.swift */; };
		7181F029299BD1E2002841A8 /* SunData.swift in Sources */ = {isa = PBXBuildFile; fileRef = 71BCF9802921EF8B008C7614 /* SunData.swift */; };
		7181F02A299BD1E4002841A8 /* MoonData.swift in Sources */ = {isa = PBXBuildFile; fileRef = 7109A3F4292EBA7A00980527 /* MoonData.swift */; };
		7181F02B299BD1F2002841A8 /* MoonData.swift in Sources */ = {isa = PBXBuildFile; fileRef = 7109A3F4292EBA7A00980527 /* MoonData.swift */; };
		7181F02C299BD226002841A8 /* CaseNameCodable.swift in Sources */ = {isa = PBXBuildFile; fileRef = 71F510BB297605E9008F7629 /* CaseNameCodable.swift */; };
		7181F02D299BD22C002841A8 /* PlaceValue.swift in Sources */ = {isa = PBXBuildFile; fileRef = 71B5FD1B294EBECF00833379 /* PlaceValue.swift */; };
		7181F02F299BD32F002841A8 /* TargetIDSearchField.swift in Sources */ = {isa = PBXBuildFile; fileRef = 7181F02E299BD32F002841A8 /* TargetIDSearchField.swift */; };
		7183A870299E883200DCF7D2 /* Mac_CatalogView.swift in Sources */ = {isa = PBXBuildFile; fileRef = 7183A86F299E883200DCF7D2 /* Mac_CatalogView.swift */; };
		7186D8F2295CEEC500601467 /* JournalView.swift in Sources */ = {isa = PBXBuildFile; fileRef = 7186D8F1295CEEC500601467 /* JournalView.swift */; };
		718C11F529C89A880069ECD5 /* Location.swift in Sources */ = {isa = PBXBuildFile; fileRef = 718C11F429C89A880069ECD5 /* Location.swift */; };
		718C11F629C89A880069ECD5 /* Location.swift in Sources */ = {isa = PBXBuildFile; fileRef = 718C11F429C89A880069ECD5 /* Location.swift */; };
		718C11F729C919530069ECD5 /* Location.swift in Sources */ = {isa = PBXBuildFile; fileRef = 718C11F429C89A880069ECD5 /* Location.swift */; };
		718C11F829C919550069ECD5 /* Location.swift in Sources */ = {isa = PBXBuildFile; fileRef = 718C11F429C89A880069ECD5 /* Location.swift */; };
		718C11F929C919550069ECD5 /* Location.swift in Sources */ = {isa = PBXBuildFile; fileRef = 718C11F429C89A880069ECD5 /* Location.swift */; };
		718CA9A829244FD600F3F5A7 /* FetchError.swift in Sources */ = {isa = PBXBuildFile; fileRef = 718CA9A729244FD600F3F5A7 /* FetchError.swift */; };
		71901C7729299D5C00D95AA5 /* Constellation.swift in Sources */ = {isa = PBXBuildFile; fileRef = 71901C7629299D5C00D95AA5 /* Constellation.swift */; };
		71950E8829D139900075081B /* NoLocationsView.swift in Sources */ = {isa = PBXBuildFile; fileRef = 71950E8729D139900075081B /* NoLocationsView.swift */; };
		71950E8A29D139BE0075081B /* DataLoadingViews.swift in Sources */ = {isa = PBXBuildFile; fileRef = 71950E8929D139BE0075081B /* DataLoadingViews.swift */; };
		719B26D7295167A100E1165A /* NumberPicker.swift in Sources */ = {isa = PBXBuildFile; fileRef = 719B26D6295167A100E1165A /* NumberPicker.swift */; };
		71ACF32D2964EA9A00CC83D5 /* TargetType.swift in Sources */ = {isa = PBXBuildFile; fileRef = 71BCF97D2921EF8B008C7614 /* TargetType.swift */; };
		71ACF32E2964EAA000CC83D5 /* TargetCatalog.swift in Sources */ = {isa = PBXBuildFile; fileRef = 71B5AF95292C778D00323693 /* TargetCatalog.swift */; };
		71ACF32F2964EAA200CC83D5 /* Constellation.swift in Sources */ = {isa = PBXBuildFile; fileRef = 71901C7629299D5C00D95AA5 /* Constellation.swift */; };
		71ACF3312964ED0F00CC83D5 /* Date+Ext.swift in Sources */ = {isa = PBXBuildFile; fileRef = 71BCF97A2921EF8B008C7614 /* Date+Ext.swift */; };
		71ACF3332964ED1400CC83D5 /* Double+Ext.swift in Sources */ = {isa = PBXBuildFile; fileRef = 71D77FA72921F99200709252 /* Double+Ext.swift */; };
		71ACF3352964ED2E00CC83D5 /* DeepSkyCatalog.xcdatamodeld in Sources */ = {isa = PBXBuildFile; fileRef = 71BCF9572921EE72008C7614 /* DeepSkyCatalog.xcdatamodeld */; };
		71ACF3362964ED3C00CC83D5 /* SunData.swift in Sources */ = {isa = PBXBuildFile; fileRef = 71BCF9802921EF8B008C7614 /* SunData.swift */; };
		71ACF33A2964EED200CC83D5 /* Assets.xcassets in Resources */ = {isa = PBXBuildFile; fileRef = 71BCF9502921EE72008C7614 /* Assets.xcassets */; };
		71ACF33D2964F0B400CC83D5 /* Provider.swift in Sources */ = {isa = PBXBuildFile; fileRef = 71ACF33B2964F04D00CC83D5 /* Provider.swift */; };
		71ACF33F2964F0D800CC83D5 /* ReportListEntry.swift in Sources */ = {isa = PBXBuildFile; fileRef = 71ACF33E2964F0D800CC83D5 /* ReportListEntry.swift */; };
		71B14F692958D905003C11BD /* ViewingIntervalModal.swift in Sources */ = {isa = PBXBuildFile; fileRef = 71B14F682958D905003C11BD /* ViewingIntervalModal.swift */; };
		71B14F6B295A77AE003C11BD /* KeyboardDismissButton.swift in Sources */ = {isa = PBXBuildFile; fileRef = 71B14F6A295A77AD003C11BD /* KeyboardDismissButton.swift */; };
		71B5AF96292C778D00323693 /* TargetCatalog.swift in Sources */ = {isa = PBXBuildFile; fileRef = 71B5AF95292C778D00323693 /* TargetCatalog.swift */; };
		71B5FD1C294EBECF00833379 /* PlaceValue.swift in Sources */ = {isa = PBXBuildFile; fileRef = 71B5FD1B294EBECF00833379 /* PlaceValue.swift */; };
		71B6D2FD2954D983006ADC6F /* GearSettings.swift in Sources */ = {isa = PBXBuildFile; fileRef = 71B6D2FC2954D983006ADC6F /* GearSettings.swift */; };
		71BCF94D2921EE71008C7614 /* DeepSkyCatalogApp.swift in Sources */ = {isa = PBXBuildFile; fileRef = 71BCF94C2921EE71008C7614 /* DeepSkyCatalogApp.swift */; };
		71BCF9512921EE72008C7614 /* Assets.xcassets in Resources */ = {isa = PBXBuildFile; fileRef = 71BCF9502921EE72008C7614 /* Assets.xcassets */; };
		71BCF9562921EE72008C7614 /* PersistenceManager.swift in Sources */ = {isa = PBXBuildFile; fileRef = 71BCF9552921EE72008C7614 /* PersistenceManager.swift */; };
		71BCF9592921EE72008C7614 /* DeepSkyCatalog.xcdatamodeld in Sources */ = {isa = PBXBuildFile; fileRef = 71BCF9572921EE72008C7614 /* DeepSkyCatalog.xcdatamodeld */; };
		71BCF96B2921EF20008C7614 /* CatalogView.swift in Sources */ = {isa = PBXBuildFile; fileRef = 71BCF9672921EF20008C7614 /* CatalogView.swift */; };
		71BCF96C2921EF20008C7614 /* SettingsView.swift in Sources */ = {isa = PBXBuildFile; fileRef = 71BCF9682921EF20008C7614 /* SettingsView.swift */; };
		71BCF96D2921EF20008C7614 /* DetailView.swift in Sources */ = {isa = PBXBuildFile; fileRef = 71BCF9692921EF20008C7614 /* DetailView.swift */; };
		71BCF96E2921EF20008C7614 /* HomeView.swift in Sources */ = {isa = PBXBuildFile; fileRef = 71BCF96A2921EF20008C7614 /* HomeView.swift */; };
		71BCF9752921EF6D008C7614 /* DeepSkyTargetList.swift in Sources */ = {isa = PBXBuildFile; fileRef = 71BCF9712921EF6D008C7614 /* DeepSkyTargetList.swift */; };
		71BCF9762921EF6D008C7614 /* DeepSkyTarget.swift in Sources */ = {isa = PBXBuildFile; fileRef = 71BCF9722921EF6D008C7614 /* DeepSkyTarget.swift */; };
		71BCF9782921EF6D008C7614 /* NetworkManager.swift in Sources */ = {isa = PBXBuildFile; fileRef = 71BCF9742921EF6D008C7614 /* NetworkManager.swift */; };
		71BCF9822921EF8B008C7614 /* Date+Ext.swift in Sources */ = {isa = PBXBuildFile; fileRef = 71BCF97A2921EF8B008C7614 /* Date+Ext.swift */; };
		71BCF9832921EF8B008C7614 /* String+Ext.swift in Sources */ = {isa = PBXBuildFile; fileRef = 71BCF97B2921EF8B008C7614 /* String+Ext.swift */; };
		71BCF9852921EF8B008C7614 /* TargetType.swift in Sources */ = {isa = PBXBuildFile; fileRef = 71BCF97D2921EF8B008C7614 /* TargetType.swift */; };
		71BCF9882921EF8B008C7614 /* SunData.swift in Sources */ = {isa = PBXBuildFile; fileRef = 71BCF9802921EF8B008C7614 /* SunData.swift */; };
		71BD753F2971044D00D7751F /* SortMethods.swift in Sources */ = {isa = PBXBuildFile; fileRef = 71BD753E2971044D00D7751F /* SortMethods.swift */; };
		71BD7542297104AB00D7751F /* FilterMethods.swift in Sources */ = {isa = PBXBuildFile; fileRef = 71BD7541297104AB00D7751F /* FilterMethods.swift */; };
		71BD7543297109AF00D7751F /* SortMethods.swift in Sources */ = {isa = PBXBuildFile; fileRef = 71BD753E2971044D00D7751F /* SortMethods.swift */; };
		71BD7544297109B100D7751F /* FilterMethods.swift in Sources */ = {isa = PBXBuildFile; fileRef = 71BD7541297104AB00D7751F /* FilterMethods.swift */; };
		71BE6EDC299035A400686E95 /* Mac_DailyReportView.swift in Sources */ = {isa = PBXBuildFile; fileRef = 71BE6EDB299035A400686E95 /* Mac_DailyReportView.swift */; };
		71BE6EDE299035DB00686E95 /* Mac_DetailView.swift in Sources */ = {isa = PBXBuildFile; fileRef = 71BE6EDD299035DB00686E95 /* Mac_DetailView.swift */; };
		71BE6EDF2990380900686E95 /* Assets.xcassets in Resources */ = {isa = PBXBuildFile; fileRef = 71BCF9502921EE72008C7614 /* Assets.xcassets */; };
		71C2643A298F1C630057EC04 /* DeepSkyCatalogMacApp.swift in Sources */ = {isa = PBXBuildFile; fileRef = 71C26439298F1C630057EC04 /* DeepSkyCatalogMacApp.swift */; };
		71C26441298F1C640057EC04 /* Preview Assets.xcassets in Resources */ = {isa = PBXBuildFile; fileRef = 71C26440298F1C640057EC04 /* Preview Assets.xcassets */; };
		71C2644B298F1C9F0057EC04 /* Date+Ext.swift in Sources */ = {isa = PBXBuildFile; fileRef = 71BCF97A2921EF8B008C7614 /* Date+Ext.swift */; };
		71C2644D298F1CA50057EC04 /* Double+Ext.swift in Sources */ = {isa = PBXBuildFile; fileRef = 71D77FA72921F99200709252 /* Double+Ext.swift */; };
		71C2644F298F1CAB0057EC04 /* Environment+Ext.swift in Sources */ = {isa = PBXBuildFile; fileRef = 71F71572293FB4010011EF7F /* Environment+Ext.swift */; };
		71C26450298F1CB20057EC04 /* Catalog.json in Resources */ = {isa = PBXBuildFile; fileRef = 710ECDAC2965E68F00534D15 /* Catalog.json */; };
		71C26451298F1CB40057EC04 /* DeepSkyTarget.swift in Sources */ = {isa = PBXBuildFile; fileRef = 71BCF9722921EF6D008C7614 /* DeepSkyTarget.swift */; };
		71C26452298F1CB60057EC04 /* DeepSkyTargetList.swift in Sources */ = {isa = PBXBuildFile; fileRef = 71BCF9712921EF6D008C7614 /* DeepSkyTargetList.swift */; };
		71C26453298F1CB80057EC04 /* TargetCatalog.swift in Sources */ = {isa = PBXBuildFile; fileRef = 71B5AF95292C778D00323693 /* TargetCatalog.swift */; };
		71C26454298F1CBA0057EC04 /* TargetType.swift in Sources */ = {isa = PBXBuildFile; fileRef = 71BCF97D2921EF8B008C7614 /* TargetType.swift */; };
		71C26455298F1CBD0057EC04 /* Constellation.swift in Sources */ = {isa = PBXBuildFile; fileRef = 71901C7629299D5C00D95AA5 /* Constellation.swift */; };
		71C26456298F1CBF0057EC04 /* SortMethods.swift in Sources */ = {isa = PBXBuildFile; fileRef = 71BD753E2971044D00D7751F /* SortMethods.swift */; };
		71C26457298F1CC10057EC04 /* FilterMethods.swift in Sources */ = {isa = PBXBuildFile; fileRef = 71BD7541297104AB00D7751F /* FilterMethods.swift */; };
		71C26459298F1D230057EC04 /* CatalogManager.swift in Sources */ = {isa = PBXBuildFile; fileRef = 71E96D67292831AA00E019F9 /* CatalogManager.swift */; };
		71C2645A298F1D260057EC04 /* DailyReport.swift in Sources */ = {isa = PBXBuildFile; fileRef = 716531E929340CFE00D05B79 /* DailyReport.swift */; };
		71C2645C298F1D330057EC04 /* CaseNameCodable.swift in Sources */ = {isa = PBXBuildFile; fileRef = 71F510BB297605E9008F7629 /* CaseNameCodable.swift */; };
		71C2645D298F1D3F0057EC04 /* LocationManager.swift in Sources */ = {isa = PBXBuildFile; fileRef = 714E54CD293D52B00039ECE0 /* LocationManager.swift */; };
		71C2645E298F1D430057EC04 /* DeepSkyCatalog.xcdatamodeld in Sources */ = {isa = PBXBuildFile; fileRef = 71BCF9572921EE72008C7614 /* DeepSkyCatalog.xcdatamodeld */; };
		71C2645F298F1D460057EC04 /* PersistenceManager.swift in Sources */ = {isa = PBXBuildFile; fileRef = 71BCF9552921EE72008C7614 /* PersistenceManager.swift */; };
		71C26460298F1D4A0057EC04 /* NetworkManager.swift in Sources */ = {isa = PBXBuildFile; fileRef = 71BCF9742921EF6D008C7614 /* NetworkManager.swift */; };
		71C26461298F1D4D0057EC04 /* FetchError.swift in Sources */ = {isa = PBXBuildFile; fileRef = 718CA9A729244FD600F3F5A7 /* FetchError.swift */; };
		71C26462298F1D4F0057EC04 /* SunData.swift in Sources */ = {isa = PBXBuildFile; fileRef = 71BCF9802921EF8B008C7614 /* SunData.swift */; };
		71C26463298F1D510057EC04 /* MoonData.swift in Sources */ = {isa = PBXBuildFile; fileRef = 7109A3F4292EBA7A00980527 /* MoonData.swift */; };
		71C26465298F1D920057EC04 /* ZoomableScrollView.swift in Sources */ = {isa = PBXBuildFile; fileRef = 71C26464298F1D920057EC04 /* ZoomableScrollView.swift */; };
		71C2646A298F1EF70057EC04 /* String+Ext.swift in Sources */ = {isa = PBXBuildFile; fileRef = 71BCF97B2921EF8B008C7614 /* String+Ext.swift */; };
		71D1119E296FAB7B0034B8F0 /* ImageViewer.swift in Sources */ = {isa = PBXBuildFile; fileRef = 71D1119D296FAB7B0034B8F0 /* ImageViewer.swift */; };
		71D5FD28295FA1D10028FF8C /* EditAllFiltersView.swift in Sources */ = {isa = PBXBuildFile; fileRef = 71D5FD27295FA1D10028FF8C /* EditAllFiltersView.swift */; };
		71D77FA82921F99200709252 /* Double+Ext.swift in Sources */ = {isa = PBXBuildFile; fileRef = 71D77FA72921F99200709252 /* Double+Ext.swift */; };
		71E03E6329C0B5FF0034FE08 /* Intents.intentdefinition in Sources */ = {isa = PBXBuildFile; fileRef = 71E03E6229C0B5FF0034FE08 /* Intents.intentdefinition */; };
		71E03E6429C0B5FF0034FE08 /* Intents.intentdefinition in Sources */ = {isa = PBXBuildFile; fileRef = 71E03E6229C0B5FF0034FE08 /* Intents.intentdefinition */; };
		71E03E6529C0B5FF0034FE08 /* Intents.intentdefinition in Sources */ = {isa = PBXBuildFile; fileRef = 71E03E6229C0B5FF0034FE08 /* Intents.intentdefinition */; };
		71E96D68292831AA00E019F9 /* CatalogManager.swift in Sources */ = {isa = PBXBuildFile; fileRef = 71E96D67292831AA00E019F9 /* CatalogManager.swift */; };
		71F510BC297605E9008F7629 /* CaseNameCodable.swift in Sources */ = {isa = PBXBuildFile; fileRef = 71F510BB297605E9008F7629 /* CaseNameCodable.swift */; };
		71F71573293FB4010011EF7F /* Environment+Ext.swift in Sources */ = {isa = PBXBuildFile; fileRef = 71F71572293FB4010011EF7F /* Environment+Ext.swift */; };
		71F844C9294A95E700DD2742 /* SelectableList.swift in Sources */ = {isa = PBXBuildFile; fileRef = 71F844C8294A95E700DD2742 /* SelectableList.swift */; };
		71F99FD22985E82800C06E9C /* PersistenceManager.swift in Sources */ = {isa = PBXBuildFile; fileRef = 71BCF9552921EE72008C7614 /* PersistenceManager.swift */; };
		71F99FD42985ED8700C06E9C /* HiddenTargetsList.swift in Sources */ = {isa = PBXBuildFile; fileRef = 71F99FD32985ED8700C06E9C /* HiddenTargetsList.swift */; };
		71FE1AA929D79517000E2B2B /* BasicCatalogView.swift in Sources */ = {isa = PBXBuildFile; fileRef = 71FE1AA829D79517000E2B2B /* BasicCatalogView.swift */; };
		71FE1AAB29D795FB000E2B2B /* BasicDetailView.swift in Sources */ = {isa = PBXBuildFile; fileRef = 71FE1AAA29D795FB000E2B2B /* BasicDetailView.swift */; };
/* End PBXBuildFile section */

/* Begin PBXContainerItemProxy section */
		7162D3492964DBF1007C8710 /* PBXContainerItemProxy */ = {
			isa = PBXContainerItemProxy;
			containerPortal = 71BCF9412921EE71008C7614 /* Project object */;
			proxyType = 1;
			remoteGlobalIDString = 7162D33A2964DBF0007C8710;
			remoteInfo = DeepSkyCatalogWidgetExtension;
		};
		7164CED129BE4E72000A154A /* PBXContainerItemProxy */ = {
			isa = PBXContainerItemProxy;
			containerPortal = 71BCF9412921EE71008C7614 /* Project object */;
			proxyType = 1;
			remoteGlobalIDString = 7164CEC929BE4E72000A154A;
			remoteInfo = DeepSkyCatalogIntents;
		};
/* End PBXContainerItemProxy section */

/* Begin PBXCopyFilesBuildPhase section */
		7162D34C2964DBF1007C8710 /* Embed Foundation Extensions */ = {
			isa = PBXCopyFilesBuildPhase;
			buildActionMask = 2147483647;
			dstPath = "";
			dstSubfolderSpec = 13;
			files = (
				7164CED329BE4E72000A154A /* DeepSkyCatalogIntents.appex in Embed Foundation Extensions */,
				7162D34B2964DBF1007C8710 /* DeepSkyCatalogWidgetExtension.appex in Embed Foundation Extensions */,
			);
			name = "Embed Foundation Extensions";
			runOnlyForDeploymentPostprocessing = 0;
		};
/* End PBXCopyFilesBuildPhase section */

/* Begin PBXFileReference section */
		710168842955621D00E0B028 /* MinMaxPicker.swift */ = {isa = PBXFileReference; lastKnownFileType = sourcecode.swift; path = MinMaxPicker.swift; sourceTree = "<group>"; };
		7109A3F4292EBA7A00980527 /* MoonData.swift */ = {isa = PBXFileReference; lastKnownFileType = sourcecode.swift; path = MoonData.swift; sourceTree = "<group>"; };
		710BF587294BF18900A72073 /* ConfigSection.swift */ = {isa = PBXFileReference; lastKnownFileType = sourcecode.swift; path = ConfigSection.swift; sourceTree = "<group>"; };
		710D497629316B4F003F41F1 /* DailyReportView.swift */ = {isa = PBXFileReference; lastKnownFileType = sourcecode.swift; path = DailyReportView.swift; sourceTree = "<group>"; };
		710ECDAC2965E68F00534D15 /* Catalog.json */ = {isa = PBXFileReference; lastKnownFileType = text.json; path = Catalog.json; sourceTree = "<group>"; };
		711386F629C3548C00081584 /* Filter.swift */ = {isa = PBXFileReference; lastKnownFileType = sourcecode.swift; path = Filter.swift; sourceTree = "<group>"; };
		711386FC29C356CA00081584 /* TopFiveView.swift */ = {isa = PBXFileReference; lastKnownFileType = sourcecode.swift; path = TopFiveView.swift; sourceTree = "<group>"; };
		7113870229C3571400081584 /* FilterButtonMenuView.swift */ = {isa = PBXFileReference; lastKnownFileType = sourcecode.swift; path = FilterButtonMenuView.swift; sourceTree = "<group>"; };
		71375E6A2980DB6F00B95F2E /* TargetSettingsView.swift */ = {isa = PBXFileReference; lastKnownFileType = sourcecode.swift; path = TargetSettingsView.swift; sourceTree = "<group>"; };
		713B49B72954122D008EFC81 /* LocationSettings.swift */ = {isa = PBXFileReference; lastKnownFileType = sourcecode.swift; path = LocationSettings.swift; sourceTree = "<group>"; };
		713B49BB29541242008EFC81 /* DailyReportSettingsModal.swift */ = {isa = PBXFileReference; lastKnownFileType = sourcecode.swift; path = DailyReportSettingsModal.swift; sourceTree = "<group>"; };
		71462F3229A2E6A100F2914C /* ToolbarLogo.swift */ = {isa = PBXFileReference; lastKnownFileType = sourcecode.swift; path = ToolbarLogo.swift; sourceTree = "<group>"; };
		714BB85229A094810084D438 /* TopTenTabView.swift */ = {isa = PBXFileReference; lastKnownFileType = sourcecode.swift; path = TopTenTabView.swift; sourceTree = "<group>"; };
		714E54CD293D52B00039ECE0 /* LocationManager.swift */ = {isa = PBXFileReference; lastKnownFileType = sourcecode.swift; path = LocationManager.swift; sourceTree = "<group>"; };
		7156742F29273ECA00626B1B /* AboutView.swift */ = {isa = PBXFileReference; lastKnownFileType = sourcecode.swift; path = AboutView.swift; sourceTree = "<group>"; };
		7162D33B2964DBF0007C8710 /* DeepSkyCatalogWidgetExtension.appex */ = {isa = PBXFileReference; explicitFileType = "wrapper.app-extension"; includeInIndex = 0; path = DeepSkyCatalogWidgetExtension.appex; sourceTree = BUILT_PRODUCTS_DIR; };
		7162D33D2964DBF0007C8710 /* WidgetKit.framework */ = {isa = PBXFileReference; lastKnownFileType = wrapper.framework; name = WidgetKit.framework; path = System/Library/Frameworks/WidgetKit.framework; sourceTree = SDKROOT; };
		7162D33F2964DBF1007C8710 /* SwiftUI.framework */ = {isa = PBXFileReference; lastKnownFileType = wrapper.framework; name = SwiftUI.framework; path = System/Library/Frameworks/SwiftUI.framework; sourceTree = SDKROOT; };
		7162D3422964DBF1007C8710 /* DeepSkyCatalogWidgetBundle.swift */ = {isa = PBXFileReference; lastKnownFileType = sourcecode.swift; path = DeepSkyCatalogWidgetBundle.swift; sourceTree = "<group>"; };
		7162D3442964DBF1007C8710 /* ReportListWidget.swift */ = {isa = PBXFileReference; lastKnownFileType = sourcecode.swift; path = ReportListWidget.swift; sourceTree = "<group>"; };
		7162D3482964DBF1007C8710 /* Info.plist */ = {isa = PBXFileReference; lastKnownFileType = text.plist.xml; path = Info.plist; sourceTree = "<group>"; };
		7164CECA29BE4E72000A154A /* DeepSkyCatalogIntents.appex */ = {isa = PBXFileReference; explicitFileType = "wrapper.app-extension"; includeInIndex = 0; path = DeepSkyCatalogIntents.appex; sourceTree = BUILT_PRODUCTS_DIR; };
		7164CECB29BE4E72000A154A /* Intents.framework */ = {isa = PBXFileReference; lastKnownFileType = wrapper.framework; name = Intents.framework; path = System/Library/Frameworks/Intents.framework; sourceTree = SDKROOT; };
		7164CECE29BE4E72000A154A /* IntentHandler.swift */ = {isa = PBXFileReference; lastKnownFileType = sourcecode.swift; path = IntentHandler.swift; sourceTree = "<group>"; };
		7164CED029BE4E72000A154A /* Info.plist */ = {isa = PBXFileReference; lastKnownFileType = text.plist.xml; path = Info.plist; sourceTree = "<group>"; };
		7164CED729BE4E7D000A154A /* DeepSkyCatalogIntents.entitlements */ = {isa = PBXFileReference; lastKnownFileType = text.plist.entitlements; path = DeepSkyCatalogIntents.entitlements; sourceTree = "<group>"; };
		7164CEF129BE97C7000A154A /* UIImage+Ext.swift */ = {isa = PBXFileReference; lastKnownFileType = sourcecode.swift; path = "UIImage+Ext.swift"; sourceTree = "<group>"; };
		716531E929340CFE00D05B79 /* DailyReport.swift */ = {isa = PBXFileReference; lastKnownFileType = sourcecode.swift; path = DailyReport.swift; sourceTree = "<group>"; };
		71668AD4298F26AC00AB0D19 /* String+iOSExt.swift */ = {isa = PBXFileReference; lastKnownFileType = sourcecode.swift; path = "String+iOSExt.swift"; sourceTree = "<group>"; };
		71668AD6298F280A00AB0D19 /* Info.plist */ = {isa = PBXFileReference; lastKnownFileType = text.plist; path = Info.plist; sourceTree = "<group>"; };
		71668AD7298F3C0400AB0D19 /* Info.plist */ = {isa = PBXFileReference; lastKnownFileType = text.plist; path = Info.plist; sourceTree = "<group>"; };
		71694BB429C00FD400EBB15F /* ImagingPreset+Ext.swift */ = {isa = PBXFileReference; lastKnownFileType = sourcecode.swift; path = "ImagingPreset+Ext.swift"; sourceTree = "<group>"; };
		716A19BA298F58A90025DB67 /* Mac_HomeView.swift */ = {isa = PBXFileReference; lastKnownFileType = sourcecode.swift; path = Mac_HomeView.swift; sourceTree = "<group>"; };
		716A90CF298DC7FB0035E18C /* DeepSkyCatalog.entitlements */ = {isa = PBXFileReference; lastKnownFileType = text.plist.entitlements; path = DeepSkyCatalog.entitlements; sourceTree = "<group>"; };
		717051DA29CE7A6D00D4EE1A /* LocationPickerModal.swift */ = {isa = PBXFileReference; lastKnownFileType = sourcecode.swift; path = LocationPickerModal.swift; sourceTree = "<group>"; };
		7181F001299BCFD1002841A8 /* TargetCurator.app */ = {isa = PBXFileReference; explicitFileType = wrapper.application; includeInIndex = 0; path = TargetCurator.app; sourceTree = BUILT_PRODUCTS_DIR; };
		7181F003299BCFD1002841A8 /* TargetCuratorApp.swift */ = {isa = PBXFileReference; lastKnownFileType = sourcecode.swift; path = TargetCuratorApp.swift; sourceTree = "<group>"; };
		7181F005299BCFD1002841A8 /* ContentView.swift */ = {isa = PBXFileReference; lastKnownFileType = sourcecode.swift; path = ContentView.swift; sourceTree = "<group>"; };
		7181F027299BD0D0002841A8 /* TargetEditor.swift */ = {isa = PBXFileReference; lastKnownFileType = sourcecode.swift; path = TargetEditor.swift; sourceTree = "<group>"; };
		7181F02E299BD32F002841A8 /* TargetIDSearchField.swift */ = {isa = PBXFileReference; lastKnownFileType = sourcecode.swift; path = TargetIDSearchField.swift; sourceTree = "<group>"; };
		7183A86F299E883200DCF7D2 /* Mac_CatalogView.swift */ = {isa = PBXFileReference; lastKnownFileType = sourcecode.swift; path = Mac_CatalogView.swift; sourceTree = "<group>"; };
		7186D8F1295CEEC500601467 /* JournalView.swift */ = {isa = PBXFileReference; lastKnownFileType = sourcecode.swift; path = JournalView.swift; sourceTree = "<group>"; };
		718C11F429C89A880069ECD5 /* Location.swift */ = {isa = PBXFileReference; lastKnownFileType = sourcecode.swift; path = Location.swift; sourceTree = "<group>"; };
		718CA9A729244FD600F3F5A7 /* FetchError.swift */ = {isa = PBXFileReference; lastKnownFileType = sourcecode.swift; path = FetchError.swift; sourceTree = "<group>"; };
		71901C7629299D5C00D95AA5 /* Constellation.swift */ = {isa = PBXFileReference; lastKnownFileType = sourcecode.swift; path = Constellation.swift; sourceTree = "<group>"; };
		71950E8729D139900075081B /* NoLocationsView.swift */ = {isa = PBXFileReference; lastKnownFileType = sourcecode.swift; path = NoLocationsView.swift; sourceTree = "<group>"; };
		71950E8929D139BE0075081B /* DataLoadingViews.swift */ = {isa = PBXFileReference; lastKnownFileType = sourcecode.swift; path = DataLoadingViews.swift; sourceTree = "<group>"; };
		719B26D6295167A100E1165A /* NumberPicker.swift */ = {isa = PBXFileReference; lastKnownFileType = sourcecode.swift; path = NumberPicker.swift; sourceTree = "<group>"; };
		71ACF33B2964F04D00CC83D5 /* Provider.swift */ = {isa = PBXFileReference; lastKnownFileType = sourcecode.swift; path = Provider.swift; sourceTree = "<group>"; };
		71ACF33E2964F0D800CC83D5 /* ReportListEntry.swift */ = {isa = PBXFileReference; lastKnownFileType = sourcecode.swift; path = ReportListEntry.swift; sourceTree = "<group>"; };
		71B14F682958D905003C11BD /* ViewingIntervalModal.swift */ = {isa = PBXFileReference; lastKnownFileType = sourcecode.swift; path = ViewingIntervalModal.swift; sourceTree = "<group>"; };
		71B14F6A295A77AD003C11BD /* KeyboardDismissButton.swift */ = {isa = PBXFileReference; lastKnownFileType = sourcecode.swift; path = KeyboardDismissButton.swift; sourceTree = "<group>"; };
		71B5AF95292C778D00323693 /* TargetCatalog.swift */ = {isa = PBXFileReference; lastKnownFileType = sourcecode.swift; path = TargetCatalog.swift; sourceTree = "<group>"; };
		71B5FD1B294EBECF00833379 /* PlaceValue.swift */ = {isa = PBXFileReference; lastKnownFileType = sourcecode.swift; path = PlaceValue.swift; sourceTree = "<group>"; };
		71B6D2FC2954D983006ADC6F /* GearSettings.swift */ = {isa = PBXFileReference; lastKnownFileType = sourcecode.swift; path = GearSettings.swift; sourceTree = "<group>"; };
		71BCF9492921EE71008C7614 /* DeepSkyCatalogiOS.app */ = {isa = PBXFileReference; explicitFileType = wrapper.application; includeInIndex = 0; path = DeepSkyCatalogiOS.app; sourceTree = BUILT_PRODUCTS_DIR; };
		71BCF94C2921EE71008C7614 /* DeepSkyCatalogApp.swift */ = {isa = PBXFileReference; lastKnownFileType = sourcecode.swift; path = DeepSkyCatalogApp.swift; sourceTree = "<group>"; };
		71BCF9502921EE72008C7614 /* Assets.xcassets */ = {isa = PBXFileReference; lastKnownFileType = folder.assetcatalog; path = Assets.xcassets; sourceTree = "<group>"; };
		71BCF9552921EE72008C7614 /* PersistenceManager.swift */ = {isa = PBXFileReference; lastKnownFileType = sourcecode.swift; path = PersistenceManager.swift; sourceTree = "<group>"; };
		71BCF9582921EE72008C7614 /* DeepSkyCatalog.xcdatamodel */ = {isa = PBXFileReference; lastKnownFileType = wrapper.xcdatamodel; path = DeepSkyCatalog.xcdatamodel; sourceTree = "<group>"; };
		71BCF9672921EF20008C7614 /* CatalogView.swift */ = {isa = PBXFileReference; fileEncoding = 4; lastKnownFileType = sourcecode.swift; path = CatalogView.swift; sourceTree = "<group>"; };
		71BCF9682921EF20008C7614 /* SettingsView.swift */ = {isa = PBXFileReference; fileEncoding = 4; lastKnownFileType = sourcecode.swift; path = SettingsView.swift; sourceTree = "<group>"; };
		71BCF9692921EF20008C7614 /* DetailView.swift */ = {isa = PBXFileReference; fileEncoding = 4; lastKnownFileType = sourcecode.swift; path = DetailView.swift; sourceTree = "<group>"; };
		71BCF96A2921EF20008C7614 /* HomeView.swift */ = {isa = PBXFileReference; fileEncoding = 4; lastKnownFileType = sourcecode.swift; path = HomeView.swift; sourceTree = "<group>"; };
		71BCF9712921EF6D008C7614 /* DeepSkyTargetList.swift */ = {isa = PBXFileReference; fileEncoding = 4; lastKnownFileType = sourcecode.swift; path = DeepSkyTargetList.swift; sourceTree = "<group>"; };
		71BCF9722921EF6D008C7614 /* DeepSkyTarget.swift */ = {isa = PBXFileReference; fileEncoding = 4; lastKnownFileType = sourcecode.swift; path = DeepSkyTarget.swift; sourceTree = "<group>"; };
		71BCF9742921EF6D008C7614 /* NetworkManager.swift */ = {isa = PBXFileReference; fileEncoding = 4; lastKnownFileType = sourcecode.swift; path = NetworkManager.swift; sourceTree = "<group>"; };
		71BCF97A2921EF8B008C7614 /* Date+Ext.swift */ = {isa = PBXFileReference; fileEncoding = 4; lastKnownFileType = sourcecode.swift; path = "Date+Ext.swift"; sourceTree = "<group>"; };
		71BCF97B2921EF8B008C7614 /* String+Ext.swift */ = {isa = PBXFileReference; fileEncoding = 4; lastKnownFileType = sourcecode.swift; path = "String+Ext.swift"; sourceTree = "<group>"; };
		71BCF97D2921EF8B008C7614 /* TargetType.swift */ = {isa = PBXFileReference; fileEncoding = 4; lastKnownFileType = sourcecode.swift; path = TargetType.swift; sourceTree = "<group>"; };
		71BCF9802921EF8B008C7614 /* SunData.swift */ = {isa = PBXFileReference; fileEncoding = 4; lastKnownFileType = sourcecode.swift; path = SunData.swift; sourceTree = "<group>"; };
		71BD753E2971044D00D7751F /* SortMethods.swift */ = {isa = PBXFileReference; lastKnownFileType = sourcecode.swift; path = SortMethods.swift; sourceTree = "<group>"; };
		71BD7541297104AB00D7751F /* FilterMethods.swift */ = {isa = PBXFileReference; lastKnownFileType = sourcecode.swift; path = FilterMethods.swift; sourceTree = "<group>"; };
		71BE6EDB299035A400686E95 /* Mac_DailyReportView.swift */ = {isa = PBXFileReference; lastKnownFileType = sourcecode.swift; path = Mac_DailyReportView.swift; sourceTree = "<group>"; };
		71BE6EDD299035DB00686E95 /* Mac_DetailView.swift */ = {isa = PBXFileReference; lastKnownFileType = sourcecode.swift; path = Mac_DetailView.swift; sourceTree = "<group>"; };
		71C26437298F1C630057EC04 /* DeepSkyCatalogMac.app */ = {isa = PBXFileReference; explicitFileType = wrapper.application; includeInIndex = 0; path = DeepSkyCatalogMac.app; sourceTree = BUILT_PRODUCTS_DIR; };
		71C26439298F1C630057EC04 /* DeepSkyCatalogMacApp.swift */ = {isa = PBXFileReference; lastKnownFileType = sourcecode.swift; path = DeepSkyCatalogMacApp.swift; sourceTree = "<group>"; };
		71C26440298F1C640057EC04 /* Preview Assets.xcassets */ = {isa = PBXFileReference; lastKnownFileType = folder.assetcatalog; path = "Preview Assets.xcassets"; sourceTree = "<group>"; };
		71C26447298F1C640057EC04 /* DeepSkyCatalogMac.entitlements */ = {isa = PBXFileReference; lastKnownFileType = text.plist.entitlements; path = DeepSkyCatalogMac.entitlements; sourceTree = "<group>"; };
		71C26464298F1D920057EC04 /* ZoomableScrollView.swift */ = {isa = PBXFileReference; lastKnownFileType = sourcecode.swift; path = ZoomableScrollView.swift; sourceTree = "<group>"; };
		71C26466298F1E2D0057EC04 /* UIKit.framework */ = {isa = PBXFileReference; lastKnownFileType = wrapper.framework; name = UIKit.framework; path = System/Library/Frameworks/UIKit.framework; sourceTree = SDKROOT; };
		71D1119D296FAB7B0034B8F0 /* ImageViewer.swift */ = {isa = PBXFileReference; lastKnownFileType = sourcecode.swift; path = ImageViewer.swift; sourceTree = "<group>"; };
		71D5FD27295FA1D10028FF8C /* EditAllFiltersView.swift */ = {isa = PBXFileReference; lastKnownFileType = sourcecode.swift; path = EditAllFiltersView.swift; sourceTree = "<group>"; };
		71D77FA72921F99200709252 /* Double+Ext.swift */ = {isa = PBXFileReference; lastKnownFileType = sourcecode.swift; path = "Double+Ext.swift"; sourceTree = "<group>"; };
		71E03E6229C0B5FF0034FE08 /* Intents.intentdefinition */ = {isa = PBXFileReference; lastKnownFileType = file.intentdefinition; path = Intents.intentdefinition; sourceTree = "<group>"; };
		71E03E6629C0B9210034FE08 /* DeepSkyCatalogWidgetExtension.entitlements */ = {isa = PBXFileReference; lastKnownFileType = text.plist.entitlements; path = DeepSkyCatalogWidgetExtension.entitlements; sourceTree = "<group>"; };
		71E03E6729C0B9FC0034FE08 /* DeepSkyCatalog-2.xcdatamodel */ = {isa = PBXFileReference; lastKnownFileType = wrapper.xcdatamodel; path = "DeepSkyCatalog-2.xcdatamodel"; sourceTree = "<group>"; };
		71E96D67292831AA00E019F9 /* CatalogManager.swift */ = {isa = PBXFileReference; lastKnownFileType = sourcecode.swift; path = CatalogManager.swift; sourceTree = "<group>"; };
		71F510BB297605E9008F7629 /* CaseNameCodable.swift */ = {isa = PBXFileReference; lastKnownFileType = sourcecode.swift; path = CaseNameCodable.swift; sourceTree = "<group>"; };
		71F71572293FB4010011EF7F /* Environment+Ext.swift */ = {isa = PBXFileReference; lastKnownFileType = sourcecode.swift; path = "Environment+Ext.swift"; sourceTree = "<group>"; };
		71F844C8294A95E700DD2742 /* SelectableList.swift */ = {isa = PBXFileReference; fileEncoding = 4; lastKnownFileType = sourcecode.swift; path = SelectableList.swift; sourceTree = "<group>"; };
		71F99FD32985ED8700C06E9C /* HiddenTargetsList.swift */ = {isa = PBXFileReference; lastKnownFileType = sourcecode.swift; path = HiddenTargetsList.swift; sourceTree = "<group>"; };
		71FE1AA829D79517000E2B2B /* BasicCatalogView.swift */ = {isa = PBXFileReference; lastKnownFileType = sourcecode.swift; path = BasicCatalogView.swift; sourceTree = "<group>"; };
		71FE1AAA29D795FB000E2B2B /* BasicDetailView.swift */ = {isa = PBXFileReference; lastKnownFileType = sourcecode.swift; path = BasicDetailView.swift; sourceTree = "<group>"; };
/* End PBXFileReference section */

/* Begin PBXFrameworksBuildPhase section */
		7162D3382964DBF0007C8710 /* Frameworks */ = {
			isa = PBXFrameworksBuildPhase;
			buildActionMask = 2147483647;
			files = (
				7162D3402964DBF1007C8710 /* SwiftUI.framework in Frameworks */,
				7162D33E2964DBF1007C8710 /* WidgetKit.framework in Frameworks */,
			);
			runOnlyForDeploymentPostprocessing = 0;
		};
		7164CEC729BE4E72000A154A /* Frameworks */ = {
			isa = PBXFrameworksBuildPhase;
			buildActionMask = 2147483647;
			files = (
				7164CECC29BE4E72000A154A /* Intents.framework in Frameworks */,
			);
			runOnlyForDeploymentPostprocessing = 0;
		};
		7181EFFE299BCFD1002841A8 /* Frameworks */ = {
			isa = PBXFrameworksBuildPhase;
			buildActionMask = 2147483647;
			files = (
			);
			runOnlyForDeploymentPostprocessing = 0;
		};
		71BCF9462921EE71008C7614 /* Frameworks */ = {
			isa = PBXFrameworksBuildPhase;
			buildActionMask = 2147483647;
			files = (
			);
			runOnlyForDeploymentPostprocessing = 0;
		};
		71C26434298F1C630057EC04 /* Frameworks */ = {
			isa = PBXFrameworksBuildPhase;
			buildActionMask = 2147483647;
			files = (
			);
			runOnlyForDeploymentPostprocessing = 0;
		};
/* End PBXFrameworksBuildPhase section */

/* Begin PBXGroup section */
		71016881295561F600E0B028 /* CatalogView */ = {
			isa = PBXGroup;
			children = (
				71BCF9672921EF20008C7614 /* CatalogView.swift */,
				71FE1AA829D79517000E2B2B /* BasicCatalogView.swift */,
				7113870229C3571400081584 /* FilterButtonMenuView.swift */,
				71D5FD27295FA1D10028FF8C /* EditAllFiltersView.swift */,
				71BCF9692921EF20008C7614 /* DetailView.swift */,
				71FE1AAA29D795FB000E2B2B /* BasicDetailView.swift */,
			);
			path = CatalogView;
			sourceTree = "<group>";
		};
		713B49B629541216008EFC81 /* SettingsView */ = {
			isa = PBXGroup;
			children = (
				71BCF9682921EF20008C7614 /* SettingsView.swift */,
				713B49B72954122D008EFC81 /* LocationSettings.swift */,
				71B6D2FC2954D983006ADC6F /* GearSettings.swift */,
				71375E6A2980DB6F00B95F2E /* TargetSettingsView.swift */,
				71F99FD32985ED8700C06E9C /* HiddenTargetsList.swift */,
				7156742F29273ECA00626B1B /* AboutView.swift */,
			);
			path = SettingsView;
			sourceTree = "<group>";
		};
		7149D9932984C6F3004BFBE6 /* Shared */ = {
			isa = PBXGroup;
			children = (
				71BCF9502921EE72008C7614 /* Assets.xcassets */,
				71BCF9702921EF61008C7614 /* Logic */,
				71BCF9792921EF76008C7614 /* Utils */,
				71D77FA62921F97E00709252 /* Extensions */,
				71BD75402971045100D7751F /* DeepSkyTarget */,
			);
			path = Shared;
			sourceTree = "<group>";
		};
		7162D33C2964DBF0007C8710 /* Frameworks */ = {
			isa = PBXGroup;
			children = (
				71C26466298F1E2D0057EC04 /* UIKit.framework */,
				7162D33D2964DBF0007C8710 /* WidgetKit.framework */,
				7162D33F2964DBF1007C8710 /* SwiftUI.framework */,
				7164CECB29BE4E72000A154A /* Intents.framework */,
			);
			name = Frameworks;
			sourceTree = "<group>";
		};
		7162D3412964DBF1007C8710 /* DeepSkyCatalogWidget */ = {
			isa = PBXGroup;
			children = (
				7162D3422964DBF1007C8710 /* DeepSkyCatalogWidgetBundle.swift */,
				71E03E6629C0B9210034FE08 /* DeepSkyCatalogWidgetExtension.entitlements */,
				7162D3482964DBF1007C8710 /* Info.plist */,
				716A19B8298F57BD0025DB67 /* ReportListWidget */,
			);
			path = DeepSkyCatalogWidget;
			sourceTree = "<group>";
		};
		7164CECD29BE4E72000A154A /* DeepSkyCatalogIntents */ = {
			isa = PBXGroup;
			children = (
				7164CED729BE4E7D000A154A /* DeepSkyCatalogIntents.entitlements */,
				7164CECE29BE4E72000A154A /* IntentHandler.swift */,
				7164CED029BE4E72000A154A /* Info.plist */,
			);
			path = DeepSkyCatalogIntents;
			sourceTree = "<group>";
		};
		716A19B6298F57670025DB67 /* Views */ = {
			isa = PBXGroup;
			children = (
				716A19BA298F58A90025DB67 /* Mac_HomeView.swift */,
				71BE6EDB299035A400686E95 /* Mac_DailyReportView.swift */,
				71BE6EDD299035DB00686E95 /* Mac_DetailView.swift */,
				7183A86F299E883200DCF7D2 /* Mac_CatalogView.swift */,
			);
			path = Views;
			sourceTree = "<group>";
		};
		716A19B8298F57BD0025DB67 /* ReportListWidget */ = {
			isa = PBXGroup;
			children = (
				7162D3442964DBF1007C8710 /* ReportListWidget.swift */,
				71ACF33B2964F04D00CC83D5 /* Provider.swift */,
				71ACF33E2964F0D800CC83D5 /* ReportListEntry.swift */,
				71E03E6229C0B5FF0034FE08 /* Intents.intentdefinition */,
			);
			path = ReportListWidget;
			sourceTree = "<group>";
		};
		716A19B9298F57DA0025DB67 /* Logic */ = {
			isa = PBXGroup;
			children = (
				71668AD4298F26AC00AB0D19 /* String+iOSExt.swift */,
			);
			path = Logic;
			sourceTree = "<group>";
		};
		716A19BF298F5CD70025DB67 /* DailyReportView */ = {
			isa = PBXGroup;
			children = (
				710D497629316B4F003F41F1 /* DailyReportView.swift */,
				713B49BB29541242008EFC81 /* DailyReportSettingsModal.swift */,
				711386FC29C356CA00081584 /* TopFiveView.swift */,
				714BB85229A094810084D438 /* TopTenTabView.swift */,
			);
			path = DailyReportView;
			sourceTree = "<group>";
		};
		716A19C0298F5D110025DB67 /* JournalView */ = {
			isa = PBXGroup;
			children = (
				7186D8F1295CEEC500601467 /* JournalView.swift */,
			);
			path = JournalView;
			sourceTree = "<group>";
		};
		7181F002299BCFD1002841A8 /* TargetCurator */ = {
			isa = PBXGroup;
			children = (
				7181F003299BCFD1002841A8 /* TargetCuratorApp.swift */,
				7181F030299C105F002841A8 /* Views */,
			);
			path = TargetCurator;
			sourceTree = "<group>";
		};
		7181F030299C105F002841A8 /* Views */ = {
			isa = PBXGroup;
			children = (
				7181F005299BCFD1002841A8 /* ContentView.swift */,
				7181F027299BD0D0002841A8 /* TargetEditor.swift */,
				7181F02E299BD32F002841A8 /* TargetIDSearchField.swift */,
			);
			path = Views;
			sourceTree = "<group>";
		};
		718B56AF294C349900914BDB /* Reusable Views */ = {
			isa = PBXGroup;
			children = (
				710168842955621D00E0B028 /* MinMaxPicker.swift */,
				717051DA29CE7A6D00D4EE1A /* LocationPickerModal.swift */,
				71B14F682958D905003C11BD /* ViewingIntervalModal.swift */,
				71F844C8294A95E700DD2742 /* SelectableList.swift */,
				719B26D6295167A100E1165A /* NumberPicker.swift */,
				710BF587294BF18900A72073 /* ConfigSection.swift */,
				71B14F6A295A77AD003C11BD /* KeyboardDismissButton.swift */,
				71D1119D296FAB7B0034B8F0 /* ImageViewer.swift */,
				71C26464298F1D920057EC04 /* ZoomableScrollView.swift */,
				71462F3229A2E6A100F2914C /* ToolbarLogo.swift */,
			);
			path = "Reusable Views";
			sourceTree = "<group>";
		};
		719B26D8295173CD00E1165A /* Network */ = {
			isa = PBXGroup;
			children = (
				71BCF9742921EF6D008C7614 /* NetworkManager.swift */,
				718CA9A729244FD600F3F5A7 /* FetchError.swift */,
				71BCF9802921EF8B008C7614 /* SunData.swift */,
				7109A3F4292EBA7A00980527 /* MoonData.swift */,
			);
			path = Network;
			sourceTree = "<group>";
		};
		71BCF9402921EE71008C7614 = {
			isa = PBXGroup;
			children = (
				7149D9932984C6F3004BFBE6 /* Shared */,
				71BCF94B2921EE71008C7614 /* DeepSkyCatalogiOS */,
				7162D3412964DBF1007C8710 /* DeepSkyCatalogWidget */,
				7164CECD29BE4E72000A154A /* DeepSkyCatalogIntents */,
				71C26438298F1C630057EC04 /* DeepSkyCatalogMac */,
				7181F002299BCFD1002841A8 /* TargetCurator */,
				7162D33C2964DBF0007C8710 /* Frameworks */,
				71BCF94A2921EE71008C7614 /* Products */,
			);
			sourceTree = "<group>";
		};
		71BCF94A2921EE71008C7614 /* Products */ = {
			isa = PBXGroup;
			children = (
				71BCF9492921EE71008C7614 /* DeepSkyCatalogiOS.app */,
				7162D33B2964DBF0007C8710 /* DeepSkyCatalogWidgetExtension.appex */,
				71C26437298F1C630057EC04 /* DeepSkyCatalogMac.app */,
				7181F001299BCFD1002841A8 /* TargetCurator.app */,
				7164CECA29BE4E72000A154A /* DeepSkyCatalogIntents.appex */,
			);
			name = Products;
			sourceTree = "<group>";
		};
		71BCF94B2921EE71008C7614 /* DeepSkyCatalogiOS */ = {
			isa = PBXGroup;
			children = (
				71BCF94C2921EE71008C7614 /* DeepSkyCatalogApp.swift */,
				716A90CF298DC7FB0035E18C /* DeepSkyCatalog.entitlements */,
				71668AD7298F3C0400AB0D19 /* Info.plist */,
				71BCF96F2921EF2E008C7614 /* Views */,
				718B56AF294C349900914BDB /* Reusable Views */,
				716A19B9298F57DA0025DB67 /* Logic */,
			);
			path = DeepSkyCatalogiOS;
			sourceTree = "<group>";
		};
		71BCF96F2921EF2E008C7614 /* Views */ = {
			isa = PBXGroup;
			children = (
				71BCF96A2921EF20008C7614 /* HomeView.swift */,
				71950E8729D139900075081B /* NoLocationsView.swift */,
				71950E8929D139BE0075081B /* DataLoadingViews.swift */,
				716A19BF298F5CD70025DB67 /* DailyReportView */,
				71016881295561F600E0B028 /* CatalogView */,
				716A19C0298F5D110025DB67 /* JournalView */,
				713B49B629541216008EFC81 /* SettingsView */,
			);
			path = Views;
			sourceTree = "<group>";
		};
		71BCF9702921EF61008C7614 /* Logic */ = {
			isa = PBXGroup;
			children = (
				71E96D67292831AA00E019F9 /* CatalogManager.swift */,
				716531E929340CFE00D05B79 /* DailyReport.swift */,
				71FE96842956C0E700F6A4F2 /* Location */,
				71BCF98A2921F2AC008C7614 /* CoreData */,
				719B26D8295173CD00E1165A /* Network */,
			);
			path = Logic;
			sourceTree = "<group>";
		};
		71BCF9792921EF76008C7614 /* Utils */ = {
			isa = PBXGroup;
			children = (
				71B5FD1B294EBECF00833379 /* PlaceValue.swift */,
				71F510BB297605E9008F7629 /* CaseNameCodable.swift */,
				711386F629C3548C00081584 /* Filter.swift */,
			);
			path = Utils;
			sourceTree = "<group>";
		};
		71BCF98A2921F2AC008C7614 /* CoreData */ = {
			isa = PBXGroup;
			children = (
				71BCF9572921EE72008C7614 /* DeepSkyCatalog.xcdatamodeld */,
				71BCF9552921EE72008C7614 /* PersistenceManager.swift */,
				71694BB429C00FD400EBB15F /* ImagingPreset+Ext.swift */,
			);
			path = CoreData;
			sourceTree = "<group>";
		};
		71BD75402971045100D7751F /* DeepSkyTarget */ = {
			isa = PBXGroup;
			children = (
				710ECDAC2965E68F00534D15 /* Catalog.json */,
				71BCF9722921EF6D008C7614 /* DeepSkyTarget.swift */,
				71BCF9712921EF6D008C7614 /* DeepSkyTargetList.swift */,
				71B5AF95292C778D00323693 /* TargetCatalog.swift */,
				71BCF97D2921EF8B008C7614 /* TargetType.swift */,
				71901C7629299D5C00D95AA5 /* Constellation.swift */,
				71BD753E2971044D00D7751F /* SortMethods.swift */,
				71BD7541297104AB00D7751F /* FilterMethods.swift */,
			);
			path = DeepSkyTarget;
			sourceTree = "<group>";
		};
		71C26438298F1C630057EC04 /* DeepSkyCatalogMac */ = {
			isa = PBXGroup;
			children = (
				71C26439298F1C630057EC04 /* DeepSkyCatalogMacApp.swift */,
				71C26447298F1C640057EC04 /* DeepSkyCatalogMac.entitlements */,
				71668AD6298F280A00AB0D19 /* Info.plist */,
				716A19B6298F57670025DB67 /* Views */,
				71C2643F298F1C640057EC04 /* Preview Content */,
			);
			path = DeepSkyCatalogMac;
			sourceTree = "<group>";
		};
		71C2643F298F1C640057EC04 /* Preview Content */ = {
			isa = PBXGroup;
			children = (
				71C26440298F1C640057EC04 /* Preview Assets.xcassets */,
			);
			path = "Preview Content";
			sourceTree = "<group>";
		};
		71D77FA62921F97E00709252 /* Extensions */ = {
			isa = PBXGroup;
			children = (
				71BCF97A2921EF8B008C7614 /* Date+Ext.swift */,
				71BCF97B2921EF8B008C7614 /* String+Ext.swift */,
				71D77FA72921F99200709252 /* Double+Ext.swift */,
				71F71572293FB4010011EF7F /* Environment+Ext.swift */,
				7164CEF129BE97C7000A154A /* UIImage+Ext.swift */,
			);
			path = Extensions;
			sourceTree = "<group>";
		};
		71FE96842956C0E700F6A4F2 /* Location */ = {
			isa = PBXGroup;
			children = (
				714E54CD293D52B00039ECE0 /* LocationManager.swift */,
				718C11F429C89A880069ECD5 /* Location.swift */,
			);
			path = Location;
			sourceTree = "<group>";
		};
/* End PBXGroup section */

/* Begin PBXNativeTarget section */
		7162D33A2964DBF0007C8710 /* DeepSkyCatalogWidgetExtension */ = {
			isa = PBXNativeTarget;
			buildConfigurationList = 7162D34F2964DBF1007C8710 /* Build configuration list for PBXNativeTarget "DeepSkyCatalogWidgetExtension" */;
			buildPhases = (
				7162D3372964DBF0007C8710 /* Sources */,
				7162D3382964DBF0007C8710 /* Frameworks */,
				7162D3392964DBF0007C8710 /* Resources */,
			);
			buildRules = (
			);
			dependencies = (
			);
			name = DeepSkyCatalogWidgetExtension;
			productName = DeepSkyCatalogWidgetExtension;
			productReference = 7162D33B2964DBF0007C8710 /* DeepSkyCatalogWidgetExtension.appex */;
			productType = "com.apple.product-type.app-extension";
		};
		7164CEC929BE4E72000A154A /* DeepSkyCatalogIntents */ = {
			isa = PBXNativeTarget;
			buildConfigurationList = 7164CED429BE4E72000A154A /* Build configuration list for PBXNativeTarget "DeepSkyCatalogIntents" */;
			buildPhases = (
				7164CEC629BE4E72000A154A /* Sources */,
				7164CEC729BE4E72000A154A /* Frameworks */,
				7164CEC829BE4E72000A154A /* Resources */,
			);
			buildRules = (
			);
			dependencies = (
			);
			name = DeepSkyCatalogIntents;
			productName = DeepSkyCatalogIntents;
			productReference = 7164CECA29BE4E72000A154A /* DeepSkyCatalogIntents.appex */;
			productType = "com.apple.product-type.app-extension";
		};
		7181F000299BCFD1002841A8 /* TargetCurator */ = {
			isa = PBXNativeTarget;
			buildConfigurationList = 7181F014299BCFD2002841A8 /* Build configuration list for PBXNativeTarget "TargetCurator" */;
			buildPhases = (
				7181EFFD299BCFD1002841A8 /* Sources */,
				7181EFFE299BCFD1002841A8 /* Frameworks */,
				7181EFFF299BCFD1002841A8 /* Resources */,
			);
			buildRules = (
			);
			dependencies = (
			);
			name = TargetCurator;
			productName = TargetCurator;
			productReference = 7181F001299BCFD1002841A8 /* TargetCurator.app */;
			productType = "com.apple.product-type.application";
		};
		71BCF9482921EE71008C7614 /* DeepSkyCatalogiOS */ = {
			isa = PBXNativeTarget;
			buildConfigurationList = 71BCF95C2921EE72008C7614 /* Build configuration list for PBXNativeTarget "DeepSkyCatalogiOS" */;
			buildPhases = (
				71BCF9452921EE71008C7614 /* Sources */,
				71BCF9462921EE71008C7614 /* Frameworks */,
				71BCF9472921EE71008C7614 /* Resources */,
				7162D34C2964DBF1007C8710 /* Embed Foundation Extensions */,
			);
			buildRules = (
			);
			dependencies = (
				7162D34A2964DBF1007C8710 /* PBXTargetDependency */,
				7164CED229BE4E72000A154A /* PBXTargetDependency */,
			);
			name = DeepSkyCatalogiOS;
			productName = DeepSkyCatalog;
			productReference = 71BCF9492921EE71008C7614 /* DeepSkyCatalogiOS.app */;
			productType = "com.apple.product-type.application";
		};
		71C26436298F1C630057EC04 /* DeepSkyCatalogMac */ = {
			isa = PBXNativeTarget;
			buildConfigurationList = 71C26448298F1C640057EC04 /* Build configuration list for PBXNativeTarget "DeepSkyCatalogMac" */;
			buildPhases = (
				71C26433298F1C630057EC04 /* Sources */,
				71C26434298F1C630057EC04 /* Frameworks */,
				71C26435298F1C630057EC04 /* Resources */,
			);
			buildRules = (
			);
			dependencies = (
			);
			name = DeepSkyCatalogMac;
			productName = DeepSkyCatalogMac;
			productReference = 71C26437298F1C630057EC04 /* DeepSkyCatalogMac.app */;
			productType = "com.apple.product-type.application";
		};
/* End PBXNativeTarget section */

/* Begin PBXProject section */
		71BCF9412921EE71008C7614 /* Project object */ = {
			isa = PBXProject;
			attributes = {
				BuildIndependentTargetsInParallel = 1;
				LastSwiftUpdateCheck = 1420;
				LastUpgradeCheck = 1420;
				TargetAttributes = {
					7162D33A2964DBF0007C8710 = {
						CreatedOnToolsVersion = 14.2;
					};
					7164CEC929BE4E72000A154A = {
						CreatedOnToolsVersion = 14.2;
					};
					7181F000299BCFD1002841A8 = {
						CreatedOnToolsVersion = 14.2;
					};
					71BCF9482921EE71008C7614 = {
						CreatedOnToolsVersion = 14.1;
					};
					71C26436298F1C630057EC04 = {
						CreatedOnToolsVersion = 14.2;
					};
				};
			};
			buildConfigurationList = 71BCF9442921EE71008C7614 /* Build configuration list for PBXProject "DeepSkyCatalog " */;
			compatibilityVersion = "Xcode 14.0";
			developmentRegion = en;
			hasScannedForEncodings = 0;
			knownRegions = (
				en,
				Base,
			);
			mainGroup = 71BCF9402921EE71008C7614;
			productRefGroup = 71BCF94A2921EE71008C7614 /* Products */;
			projectDirPath = "";
			projectRoot = "";
			targets = (
				71BCF9482921EE71008C7614 /* DeepSkyCatalogiOS */,
				7162D33A2964DBF0007C8710 /* DeepSkyCatalogWidgetExtension */,
				71C26436298F1C630057EC04 /* DeepSkyCatalogMac */,
				7181F000299BCFD1002841A8 /* TargetCurator */,
				7164CEC929BE4E72000A154A /* DeepSkyCatalogIntents */,
			);
		};
/* End PBXProject section */

/* Begin PBXResourcesBuildPhase section */
		7162D3392964DBF0007C8710 /* Resources */ = {
			isa = PBXResourcesBuildPhase;
			buildActionMask = 2147483647;
			files = (
				710ECDAE2965E68F00534D15 /* Catalog.json in Resources */,
				71ACF33A2964EED200CC83D5 /* Assets.xcassets in Resources */,
			);
			runOnlyForDeploymentPostprocessing = 0;
		};
		7164CEC829BE4E72000A154A /* Resources */ = {
			isa = PBXResourcesBuildPhase;
			buildActionMask = 2147483647;
			files = (
				7164CEDD29BE8F77000A154A /* Catalog.json in Resources */,
			);
			runOnlyForDeploymentPostprocessing = 0;
		};
		7181EFFF299BCFD1002841A8 /* Resources */ = {
			isa = PBXResourcesBuildPhase;
			buildActionMask = 2147483647;
			files = (
				7181F026299BD05D002841A8 /* Assets.xcassets in Resources */,
				7181F015299BCFF1002841A8 /* Catalog.json in Resources */,
			);
			runOnlyForDeploymentPostprocessing = 0;
		};
		71BCF9472921EE71008C7614 /* Resources */ = {
			isa = PBXResourcesBuildPhase;
			buildActionMask = 2147483647;
			files = (
				71BCF9512921EE72008C7614 /* Assets.xcassets in Resources */,
				710ECDAD2965E68F00534D15 /* Catalog.json in Resources */,
			);
			runOnlyForDeploymentPostprocessing = 0;
		};
		71C26435298F1C630057EC04 /* Resources */ = {
			isa = PBXResourcesBuildPhase;
			buildActionMask = 2147483647;
			files = (
				71BE6EDF2990380900686E95 /* Assets.xcassets in Resources */,
				71C26450298F1CB20057EC04 /* Catalog.json in Resources */,
				71C26441298F1C640057EC04 /* Preview Assets.xcassets in Resources */,
			);
			runOnlyForDeploymentPostprocessing = 0;
		};
/* End PBXResourcesBuildPhase section */

/* Begin PBXSourcesBuildPhase section */
		7162D3372964DBF0007C8710 /* Sources */ = {
			isa = PBXSourcesBuildPhase;
			buildActionMask = 2147483647;
			files = (
				7135117C29B2820B00725B1D /* NetworkManager.swift in Sources */,
				7162D3432964DBF1007C8710 /* DeepSkyCatalogWidgetBundle.swift in Sources */,
				71ACF3352964ED2E00CC83D5 /* DeepSkyCatalog.xcdatamodeld in Sources */,
				71668AD0298F266300AB0D19 /* String+Ext.swift in Sources */,
				71668ACC298F25F000AB0D19 /* CaseNameCodable.swift in Sources */,
				7162D3452964DBF1007C8710 /* ReportListWidget.swift in Sources */,
				718C11F929C919550069ECD5 /* Location.swift in Sources */,
				71ACF33D2964F0B400CC83D5 /* Provider.swift in Sources */,
				71BD7543297109AF00D7751F /* SortMethods.swift in Sources */,
				71ACF3362964ED3C00CC83D5 /* SunData.swift in Sources */,
				71ACF32E2964EAA000CC83D5 /* TargetCatalog.swift in Sources */,
				71ACF32F2964EAA200CC83D5 /* Constellation.swift in Sources */,
				7135117B29B2819300725B1D /* DailyReport.swift in Sources */,
				7181F02B299BD1F2002841A8 /* MoonData.swift in Sources */,
				71E03E6429C0B5FF0034FE08 /* Intents.intentdefinition in Sources */,
				7162D3512964E909007C8710 /* DeepSkyTargetList.swift in Sources */,
				7135117D29B2829C00725B1D /* FetchError.swift in Sources */,
				71ACF32D2964EA9A00CC83D5 /* TargetType.swift in Sources */,
				716A19BC298F5B270025DB67 /* PlaceValue.swift in Sources */,
				71ACF3312964ED0F00CC83D5 /* Date+Ext.swift in Sources */,
				7164CEF329BE97C7000A154A /* UIImage+Ext.swift in Sources */,
				7164CEED29BE8FB4000A154A /* Environment+Ext.swift in Sources */,
				711386F829C3548C00081584 /* Filter.swift in Sources */,
				71F99FD22985E82800C06E9C /* PersistenceManager.swift in Sources */,
				71BD7544297109B100D7751F /* FilterMethods.swift in Sources */,
				71ACF3332964ED1400CC83D5 /* Double+Ext.swift in Sources */,
				71694BB629C00FD400EBB15F /* ImagingPreset+Ext.swift in Sources */,
				7162D3502964E906007C8710 /* DeepSkyTarget.swift in Sources */,
				71ACF33F2964F0D800CC83D5 /* ReportListEntry.swift in Sources */,
			);
			runOnlyForDeploymentPostprocessing = 0;
		};
		7164CEC629BE4E72000A154A /* Sources */ = {
			isa = PBXSourcesBuildPhase;
			buildActionMask = 2147483647;
			files = (
				7164CEEA29BE8FA8000A154A /* String+Ext.swift in Sources */,
				711386FB29C3548C00081584 /* Filter.swift in Sources */,
				7164CEE629BE8F98000A154A /* MoonData.swift in Sources */,
				7164CEE429BE8F8D000A154A /* CaseNameCodable.swift in Sources */,
				7164CED929BE4FDA000A154A /* PersistenceManager.swift in Sources */,
				7164CEE229BE8F83000A154A /* FilterMethods.swift in Sources */,
				718C11F729C919530069ECD5 /* Location.swift in Sources */,
				7164CEDC29BE8F6E000A154A /* DeepSkyTarget.swift in Sources */,
				7164CEDB29BE8F6A000A154A /* DeepSkyTargetList.swift in Sources */,
				7164CEE929BE8FA6000A154A /* Date+Ext.swift in Sources */,
				7164CEE329BE8F8B000A154A /* PlaceValue.swift in Sources */,
				7164CEEF29BE8FB5000A154A /* Environment+Ext.swift in Sources */,
				7164CEF029BE8FE6000A154A /* DailyReport.swift in Sources */,
				7164CEDF29BE8F7C000A154A /* TargetType.swift in Sources */,
				71E03E6529C0B5FF0034FE08 /* Intents.intentdefinition in Sources */,
				7164CEE529BE8F95000A154A /* SunData.swift in Sources */,
				7164CEE829BE8F9C000A154A /* NetworkManager.swift in Sources */,
				7164CEE029BE8F7E000A154A /* Constellation.swift in Sources */,
				7164CECF29BE4E72000A154A /* IntentHandler.swift in Sources */,
				71694BB929C00FD400EBB15F /* ImagingPreset+Ext.swift in Sources */,
				7164CEDA29BE4FDC000A154A /* DeepSkyCatalog.xcdatamodeld in Sources */,
				7164CEE129BE8F81000A154A /* SortMethods.swift in Sources */,
				7164CEDE29BE8F79000A154A /* TargetCatalog.swift in Sources */,
				7164CEEB29BE8FAA000A154A /* Double+Ext.swift in Sources */,
				7164CEE729BE8F9A000A154A /* FetchError.swift in Sources */,
			);
			runOnlyForDeploymentPostprocessing = 0;
		};
		7181EFFD299BCFD1002841A8 /* Sources */ = {
			isa = PBXSourcesBuildPhase;
			buildActionMask = 2147483647;
			files = (
				7181F02A299BD1E4002841A8 /* MoonData.swift in Sources */,
				7181F01B299BCFFF002841A8 /* SortMethods.swift in Sources */,
				7181F019299BCFFB002841A8 /* TargetType.swift in Sources */,
				7181F02C299BD226002841A8 /* CaseNameCodable.swift in Sources */,
				7181F018299BCFF9002841A8 /* TargetCatalog.swift in Sources */,
				7181F023299BD046002841A8 /* NetworkManager.swift in Sources */,
				7181F029299BD1E2002841A8 /* SunData.swift in Sources */,
				7181F020299BD01E002841A8 /* Double+Ext.swift in Sources */,
				7181F02D299BD22C002841A8 /* PlaceValue.swift in Sources */,
				7181F024299BD049002841A8 /* FetchError.swift in Sources */,
				7181F028299BD0D0002841A8 /* TargetEditor.swift in Sources */,
				71694BB829C00FD400EBB15F /* ImagingPreset+Ext.swift in Sources */,
				718C11F829C919550069ECD5 /* Location.swift in Sources */,
				7181F006299BCFD1002841A8 /* ContentView.swift in Sources */,
				7181F022299BD041002841A8 /* PersistenceManager.swift in Sources */,
				7164CEEE29BE8FB5000A154A /* Environment+Ext.swift in Sources */,
				7181F01C299BD001002841A8 /* FilterMethods.swift in Sources */,
				7181F01F299BD01B002841A8 /* String+Ext.swift in Sources */,
				7181F01A299BCFFD002841A8 /* Constellation.swift in Sources */,
				7181F004299BCFD1002841A8 /* TargetCuratorApp.swift in Sources */,
				7181F01E299BD019002841A8 /* Date+Ext.swift in Sources */,
				7181F021299BD03F002841A8 /* DeepSkyCatalog.xcdatamodeld in Sources */,
				7181F017299BCFF6002841A8 /* DeepSkyTargetList.swift in Sources */,
				711386FA29C3548C00081584 /* Filter.swift in Sources */,
				7181F016299BCFF4002841A8 /* DeepSkyTarget.swift in Sources */,
				7181F02F299BD32F002841A8 /* TargetIDSearchField.swift in Sources */,
			);
			runOnlyForDeploymentPostprocessing = 0;
		};
		71BCF9452921EE71008C7614 /* Sources */ = {
			isa = PBXSourcesBuildPhase;
			buildActionMask = 2147483647;
			files = (
				711386FD29C356CA00081584 /* TopFiveView.swift in Sources */,
				71B6D2FD2954D983006ADC6F /* GearSettings.swift in Sources */,
				71BCF9852921EF8B008C7614 /* TargetType.swift in Sources */,
				716531EA29340CFE00D05B79 /* DailyReport.swift in Sources */,
				71E03E6329C0B5FF0034FE08 /* Intents.intentdefinition in Sources */,
				71BCF96E2921EF20008C7614 /* HomeView.swift in Sources */,
				7156743029273ECA00626B1B /* AboutView.swift in Sources */,
				71BCF96C2921EF20008C7614 /* SettingsView.swift in Sources */,
				71375E6B2980DB6F00B95F2E /* TargetSettingsView.swift in Sources */,
				71BCF9882921EF8B008C7614 /* SunData.swift in Sources */,
				714E54CE293D52B00039ECE0 /* LocationManager.swift in Sources */,
				71C26465298F1D920057EC04 /* ZoomableScrollView.swift in Sources */,
				71950E8829D139900075081B /* NoLocationsView.swift in Sources */,
				718C11F529C89A880069ECD5 /* Location.swift in Sources */,
				71D5FD28295FA1D10028FF8C /* EditAllFiltersView.swift in Sources */,
				71BCF9752921EF6D008C7614 /* DeepSkyTargetList.swift in Sources */,
				71BCF9782921EF6D008C7614 /* NetworkManager.swift in Sources */,
				71B5FD1C294EBECF00833379 /* PlaceValue.swift in Sources */,
				71BCF96B2921EF20008C7614 /* CatalogView.swift in Sources */,
				711386F729C3548C00081584 /* Filter.swift in Sources */,
				71BCF9762921EF6D008C7614 /* DeepSkyTarget.swift in Sources */,
				710168852955621D00E0B028 /* MinMaxPicker.swift in Sources */,
				71D1119E296FAB7B0034B8F0 /* ImageViewer.swift in Sources */,
				71F99FD42985ED8700C06E9C /* HiddenTargetsList.swift in Sources */,
				71BCF9562921EE72008C7614 /* PersistenceManager.swift in Sources */,
				71950E8A29D139BE0075081B /* DataLoadingViews.swift in Sources */,
				71BCF9822921EF8B008C7614 /* Date+Ext.swift in Sources */,
				71694BB529C00FD400EBB15F /* ImagingPreset+Ext.swift in Sources */,
				7109A3F5292EBA7A00980527 /* MoonData.swift in Sources */,
				71D77FA82921F99200709252 /* Double+Ext.swift in Sources */,
				71BCF94D2921EE71008C7614 /* DeepSkyCatalogApp.swift in Sources */,
				7113870329C3571400081584 /* FilterButtonMenuView.swift in Sources */,
				710BF588294BF18900A72073 /* ConfigSection.swift in Sources */,
				71668AD5298F26AC00AB0D19 /* String+iOSExt.swift in Sources */,
				71F71573293FB4010011EF7F /* Environment+Ext.swift in Sources */,
				718CA9A829244FD600F3F5A7 /* FetchError.swift in Sources */,
				71BCF9832921EF8B008C7614 /* String+Ext.swift in Sources */,
				71BCF96D2921EF20008C7614 /* DetailView.swift in Sources */,
				7186D8F2295CEEC500601467 /* JournalView.swift in Sources */,
				71F844C9294A95E700DD2742 /* SelectableList.swift in Sources */,
				71BD753F2971044D00D7751F /* SortMethods.swift in Sources */,
				71FE1AAB29D795FB000E2B2B /* BasicDetailView.swift in Sources */,
				713B49B82954122D008EFC81 /* LocationSettings.swift in Sources */,
				710D497729316B4F003F41F1 /* DailyReportView.swift in Sources */,
				71BD7542297104AB00D7751F /* FilterMethods.swift in Sources */,
				7164CEF229BE97C7000A154A /* UIImage+Ext.swift in Sources */,
				71B14F6B295A77AE003C11BD /* KeyboardDismissButton.swift in Sources */,
				713B49BC29541242008EFC81 /* DailyReportSettingsModal.swift in Sources */,
				71E96D68292831AA00E019F9 /* CatalogManager.swift in Sources */,
				71B14F692958D905003C11BD /* ViewingIntervalModal.swift in Sources */,
				71901C7729299D5C00D95AA5 /* Constellation.swift in Sources */,
				719B26D7295167A100E1165A /* NumberPicker.swift in Sources */,
				71F510BC297605E9008F7629 /* CaseNameCodable.swift in Sources */,
				71462F3329A2E6A100F2914C /* ToolbarLogo.swift in Sources */,
				71FE1AA929D79517000E2B2B /* BasicCatalogView.swift in Sources */,
				714BB85329A094810084D438 /* TopTenTabView.swift in Sources */,
				71BCF9592921EE72008C7614 /* DeepSkyCatalog.xcdatamodeld in Sources */,
				717051DB29CE7A6D00D4EE1A /* LocationPickerModal.swift in Sources */,
				71B5AF96292C778D00323693 /* TargetCatalog.swift in Sources */,
			);
			runOnlyForDeploymentPostprocessing = 0;
		};
		71C26433298F1C630057EC04 /* Sources */ = {
			isa = PBXSourcesBuildPhase;
			buildActionMask = 2147483647;
			files = (
				71C2645F298F1D460057EC04 /* PersistenceManager.swift in Sources */,
				711386F929C3548C00081584 /* Filter.swift in Sources */,
				71C2645C298F1D330057EC04 /* CaseNameCodable.swift in Sources */,
				71C26462298F1D4F0057EC04 /* SunData.swift in Sources */,
				71C26454298F1CBA0057EC04 /* TargetType.swift in Sources */,
				71C26461298F1D4D0057EC04 /* FetchError.swift in Sources */,
				7183A870299E883200DCF7D2 /* Mac_CatalogView.swift in Sources */,
				716A19BB298F58A90025DB67 /* Mac_HomeView.swift in Sources */,
				71C26456298F1CBF0057EC04 /* SortMethods.swift in Sources */,
				71C26455298F1CBD0057EC04 /* Constellation.swift in Sources */,
				71C2644B298F1C9F0057EC04 /* Date+Ext.swift in Sources */,
				71C2644F298F1CAB0057EC04 /* Environment+Ext.swift in Sources */,
				71C26457298F1CC10057EC04 /* FilterMethods.swift in Sources */,
				71C2645E298F1D430057EC04 /* DeepSkyCatalog.xcdatamodeld in Sources */,
				71BE6EDC299035A400686E95 /* Mac_DailyReportView.swift in Sources */,
				71C2643A298F1C630057EC04 /* DeepSkyCatalogMacApp.swift in Sources */,
				71C2645D298F1D3F0057EC04 /* LocationManager.swift in Sources */,
				71C2646A298F1EF70057EC04 /* String+Ext.swift in Sources */,
				71C26453298F1CB80057EC04 /* TargetCatalog.swift in Sources */,
				71BE6EDE299035DB00686E95 /* Mac_DetailView.swift in Sources */,
				71C26452298F1CB60057EC04 /* DeepSkyTargetList.swift in Sources */,
				71C26451298F1CB40057EC04 /* DeepSkyTarget.swift in Sources */,
				71C2644D298F1CA50057EC04 /* Double+Ext.swift in Sources */,
				71C26460298F1D4A0057EC04 /* NetworkManager.swift in Sources */,
				716A19BD298F5B270025DB67 /* PlaceValue.swift in Sources */,
				71C26463298F1D510057EC04 /* MoonData.swift in Sources */,
				71C26459298F1D230057EC04 /* CatalogManager.swift in Sources */,
				718C11F629C89A880069ECD5 /* Location.swift in Sources */,
				71694BB729C00FD400EBB15F /* ImagingPreset+Ext.swift in Sources */,
				71C2645A298F1D260057EC04 /* DailyReport.swift in Sources */,
			);
			runOnlyForDeploymentPostprocessing = 0;
		};
/* End PBXSourcesBuildPhase section */

/* Begin PBXTargetDependency section */
		7162D34A2964DBF1007C8710 /* PBXTargetDependency */ = {
			isa = PBXTargetDependency;
			target = 7162D33A2964DBF0007C8710 /* DeepSkyCatalogWidgetExtension */;
			targetProxy = 7162D3492964DBF1007C8710 /* PBXContainerItemProxy */;
		};
		7164CED229BE4E72000A154A /* PBXTargetDependency */ = {
			isa = PBXTargetDependency;
			target = 7164CEC929BE4E72000A154A /* DeepSkyCatalogIntents */;
			targetProxy = 7164CED129BE4E72000A154A /* PBXContainerItemProxy */;
		};
/* End PBXTargetDependency section */

/* Begin XCBuildConfiguration section */
		7162D34D2964DBF1007C8710 /* Debug */ = {
			isa = XCBuildConfiguration;
			buildSettings = {
				ASSETCATALOG_COMPILER_GLOBAL_ACCENT_COLOR_NAME = AccentColor;
				ASSETCATALOG_COMPILER_WIDGET_BACKGROUND_COLOR_NAME = "";
				CODE_SIGN_ENTITLEMENTS = DeepSkyCatalogWidget/DeepSkyCatalogWidgetExtension.entitlements;
				CODE_SIGN_STYLE = Automatic;
				CURRENT_PROJECT_VERSION = 1;
				DEVELOPMENT_TEAM = Y68DX6VH2U;
				GENERATE_INFOPLIST_FILE = YES;
				INFOPLIST_FILE = DeepSkyCatalogWidget/Info.plist;
				INFOPLIST_KEY_CFBundleDisplayName = DeepSkyCatalogWidget;
				INFOPLIST_KEY_NSHumanReadableCopyright = "";
				IPHONEOS_DEPLOYMENT_TARGET = 16.2;
				LD_RUNPATH_SEARCH_PATHS = (
					"$(inherited)",
					"@executable_path/Frameworks",
					"@executable_path/../../Frameworks",
				);
				MARKETING_VERSION = 1.0;
				PRODUCT_BUNDLE_IDENTIFIER = com.ryansponzilli.DeepSkyCatalog.DeepSkyCatalogWidget;
				PRODUCT_NAME = "$(TARGET_NAME)";
				SKIP_INSTALL = YES;
				SWIFT_EMIT_LOC_STRINGS = YES;
				SWIFT_VERSION = 5.0;
				TARGETED_DEVICE_FAMILY = "1,2";
			};
			name = Debug;
		};
		7162D34E2964DBF1007C8710 /* Release */ = {
			isa = XCBuildConfiguration;
			buildSettings = {
				ASSETCATALOG_COMPILER_GLOBAL_ACCENT_COLOR_NAME = AccentColor;
				ASSETCATALOG_COMPILER_WIDGET_BACKGROUND_COLOR_NAME = "";
				CODE_SIGN_ENTITLEMENTS = DeepSkyCatalogWidget/DeepSkyCatalogWidgetExtension.entitlements;
				CODE_SIGN_STYLE = Automatic;
				CURRENT_PROJECT_VERSION = 1;
				DEVELOPMENT_TEAM = Y68DX6VH2U;
				GENERATE_INFOPLIST_FILE = YES;
				INFOPLIST_FILE = DeepSkyCatalogWidget/Info.plist;
				INFOPLIST_KEY_CFBundleDisplayName = DeepSkyCatalogWidget;
				INFOPLIST_KEY_NSHumanReadableCopyright = "";
				IPHONEOS_DEPLOYMENT_TARGET = 16.2;
				LD_RUNPATH_SEARCH_PATHS = (
					"$(inherited)",
					"@executable_path/Frameworks",
					"@executable_path/../../Frameworks",
				);
				MARKETING_VERSION = 1.0;
				PRODUCT_BUNDLE_IDENTIFIER = com.ryansponzilli.DeepSkyCatalog.DeepSkyCatalogWidget;
				PRODUCT_NAME = "$(TARGET_NAME)";
				SKIP_INSTALL = YES;
				SWIFT_EMIT_LOC_STRINGS = YES;
				SWIFT_VERSION = 5.0;
				TARGETED_DEVICE_FAMILY = "1,2";
			};
			name = Release;
		};
		7164CED529BE4E72000A154A /* Debug */ = {
			isa = XCBuildConfiguration;
			buildSettings = {
				CODE_SIGN_ENTITLEMENTS = DeepSkyCatalogIntents/DeepSkyCatalogIntents.entitlements;
				CODE_SIGN_STYLE = Automatic;
				CURRENT_PROJECT_VERSION = 1;
				DEVELOPMENT_TEAM = Y68DX6VH2U;
				GENERATE_INFOPLIST_FILE = YES;
				INFOPLIST_FILE = DeepSkyCatalogIntents/Info.plist;
				INFOPLIST_KEY_CFBundleDisplayName = DeepSkyCatalogIntents;
				INFOPLIST_KEY_NSHumanReadableCopyright = "";
				IPHONEOS_DEPLOYMENT_TARGET = 16.2;
				LD_RUNPATH_SEARCH_PATHS = (
					"$(inherited)",
					"@executable_path/Frameworks",
					"@executable_path/../../Frameworks",
				);
				MARKETING_VERSION = 1.0;
				PRODUCT_BUNDLE_IDENTIFIER = com.ryansponzilli.DeepSkyCatalog.DeepSkyCatalogIntents;
				PRODUCT_NAME = "$(TARGET_NAME)";
				SKIP_INSTALL = YES;
				SWIFT_EMIT_LOC_STRINGS = YES;
				SWIFT_VERSION = 5.0;
				TARGETED_DEVICE_FAMILY = "1,2";
			};
			name = Debug;
		};
		7164CED629BE4E72000A154A /* Release */ = {
			isa = XCBuildConfiguration;
			buildSettings = {
				CODE_SIGN_ENTITLEMENTS = DeepSkyCatalogIntents/DeepSkyCatalogIntents.entitlements;
				CODE_SIGN_STYLE = Automatic;
				CURRENT_PROJECT_VERSION = 1;
				DEVELOPMENT_TEAM = Y68DX6VH2U;
				GENERATE_INFOPLIST_FILE = YES;
				INFOPLIST_FILE = DeepSkyCatalogIntents/Info.plist;
				INFOPLIST_KEY_CFBundleDisplayName = DeepSkyCatalogIntents;
				INFOPLIST_KEY_NSHumanReadableCopyright = "";
				IPHONEOS_DEPLOYMENT_TARGET = 16.2;
				LD_RUNPATH_SEARCH_PATHS = (
					"$(inherited)",
					"@executable_path/Frameworks",
					"@executable_path/../../Frameworks",
				);
				MARKETING_VERSION = 1.0;
				PRODUCT_BUNDLE_IDENTIFIER = com.ryansponzilli.DeepSkyCatalog.DeepSkyCatalogIntents;
				PRODUCT_NAME = "$(TARGET_NAME)";
				SKIP_INSTALL = YES;
				SWIFT_EMIT_LOC_STRINGS = YES;
				SWIFT_VERSION = 5.0;
				TARGETED_DEVICE_FAMILY = "1,2";
			};
			name = Release;
		};
		7181F012299BCFD2002841A8 /* Debug */ = {
			isa = XCBuildConfiguration;
			buildSettings = {
				ASSETCATALOG_COMPILER_APPICON_NAME = AppIcon;
				ASSETCATALOG_COMPILER_GLOBAL_ACCENT_COLOR_NAME = AccentColor;
				CODE_SIGN_ENTITLEMENTS = "";
				CODE_SIGN_IDENTITY = "-";
				"CODE_SIGN_IDENTITY[sdk=macosx*]" = "-";
				CODE_SIGN_STYLE = Automatic;
				COMBINE_HIDPI_IMAGES = YES;
				CURRENT_PROJECT_VERSION = 1;
				DEAD_CODE_STRIPPING = YES;
				DEVELOPMENT_ASSET_PATHS = "";
				DEVELOPMENT_TEAM = Y68DX6VH2U;
				ENABLE_HARDENED_RUNTIME = YES;
				ENABLE_PREVIEWS = YES;
				GENERATE_INFOPLIST_FILE = YES;
				INFOPLIST_KEY_NSHumanReadableCopyright = "";
				LD_RUNPATH_SEARCH_PATHS = (
					"$(inherited)",
					"@executable_path/../Frameworks",
				);
				MACOSX_DEPLOYMENT_TARGET = 13.1;
				MARKETING_VERSION = 1.0;
				PRODUCT_BUNDLE_IDENTIFIER = com.ryansponzilli.TargetCurator;
				PRODUCT_NAME = "$(TARGET_NAME)";
				SDKROOT = macosx;
				SWIFT_EMIT_LOC_STRINGS = YES;
				SWIFT_VERSION = 5.0;
			};
			name = Debug;
		};
		7181F013299BCFD2002841A8 /* Release */ = {
			isa = XCBuildConfiguration;
			buildSettings = {
				ASSETCATALOG_COMPILER_APPICON_NAME = AppIcon;
				ASSETCATALOG_COMPILER_GLOBAL_ACCENT_COLOR_NAME = AccentColor;
				CODE_SIGN_ENTITLEMENTS = "";
				CODE_SIGN_IDENTITY = "-";
				"CODE_SIGN_IDENTITY[sdk=macosx*]" = "-";
				CODE_SIGN_STYLE = Automatic;
				COMBINE_HIDPI_IMAGES = YES;
				CURRENT_PROJECT_VERSION = 1;
				DEAD_CODE_STRIPPING = YES;
				DEVELOPMENT_ASSET_PATHS = "";
				DEVELOPMENT_TEAM = Y68DX6VH2U;
				ENABLE_HARDENED_RUNTIME = YES;
				ENABLE_PREVIEWS = YES;
				GENERATE_INFOPLIST_FILE = YES;
				INFOPLIST_KEY_NSHumanReadableCopyright = "";
				LD_RUNPATH_SEARCH_PATHS = (
					"$(inherited)",
					"@executable_path/../Frameworks",
				);
				MACOSX_DEPLOYMENT_TARGET = 13.1;
				MARKETING_VERSION = 1.0;
				PRODUCT_BUNDLE_IDENTIFIER = com.ryansponzilli.TargetCurator;
				PRODUCT_NAME = "$(TARGET_NAME)";
				SDKROOT = macosx;
				SWIFT_EMIT_LOC_STRINGS = YES;
				SWIFT_VERSION = 5.0;
			};
			name = Release;
		};
		71BCF95A2921EE72008C7614 /* Debug */ = {
			isa = XCBuildConfiguration;
			buildSettings = {
				ALWAYS_SEARCH_USER_PATHS = NO;
				CLANG_ANALYZER_NONNULL = YES;
				CLANG_ANALYZER_NUMBER_OBJECT_CONVERSION = YES_AGGRESSIVE;
				CLANG_CXX_LANGUAGE_STANDARD = "gnu++20";
				CLANG_ENABLE_MODULES = YES;
				CLANG_ENABLE_OBJC_ARC = YES;
				CLANG_ENABLE_OBJC_WEAK = YES;
				CLANG_WARN_BLOCK_CAPTURE_AUTORELEASING = YES;
				CLANG_WARN_BOOL_CONVERSION = YES;
				CLANG_WARN_COMMA = YES;
				CLANG_WARN_CONSTANT_CONVERSION = YES;
				CLANG_WARN_DEPRECATED_OBJC_IMPLEMENTATIONS = YES;
				CLANG_WARN_DIRECT_OBJC_ISA_USAGE = YES_ERROR;
				CLANG_WARN_DOCUMENTATION_COMMENTS = YES;
				CLANG_WARN_EMPTY_BODY = YES;
				CLANG_WARN_ENUM_CONVERSION = YES;
				CLANG_WARN_INFINITE_RECURSION = YES;
				CLANG_WARN_INT_CONVERSION = YES;
				CLANG_WARN_NON_LITERAL_NULL_CONVERSION = YES;
				CLANG_WARN_OBJC_IMPLICIT_RETAIN_SELF = YES;
				CLANG_WARN_OBJC_LITERAL_CONVERSION = YES;
				CLANG_WARN_OBJC_ROOT_CLASS = YES_ERROR;
				CLANG_WARN_QUOTED_INCLUDE_IN_FRAMEWORK_HEADER = YES;
				CLANG_WARN_RANGE_LOOP_ANALYSIS = YES;
				CLANG_WARN_STRICT_PROTOTYPES = YES;
				CLANG_WARN_SUSPICIOUS_MOVE = YES;
				CLANG_WARN_UNGUARDED_AVAILABILITY = YES_AGGRESSIVE;
				CLANG_WARN_UNREACHABLE_CODE = YES;
				CLANG_WARN__DUPLICATE_METHOD_MATCH = YES;
				COPY_PHASE_STRIP = NO;
				DEBUG_INFORMATION_FORMAT = dwarf;
				ENABLE_STRICT_OBJC_MSGSEND = YES;
				ENABLE_TESTABILITY = YES;
				GCC_C_LANGUAGE_STANDARD = gnu11;
				GCC_DYNAMIC_NO_PIC = NO;
				GCC_NO_COMMON_BLOCKS = YES;
				GCC_OPTIMIZATION_LEVEL = 0;
				GCC_PREPROCESSOR_DEFINITIONS = (
					"DEBUG=1",
					"$(inherited)",
				);
				GCC_WARN_64_TO_32_BIT_CONVERSION = YES;
				GCC_WARN_ABOUT_RETURN_TYPE = YES_ERROR;
				GCC_WARN_UNDECLARED_SELECTOR = YES;
				GCC_WARN_UNINITIALIZED_AUTOS = YES_AGGRESSIVE;
				GCC_WARN_UNUSED_FUNCTION = YES;
				GCC_WARN_UNUSED_VARIABLE = YES;
				IPHONEOS_DEPLOYMENT_TARGET = 16.1;
				MTL_ENABLE_DEBUG_INFO = INCLUDE_SOURCE;
				MTL_FAST_MATH = YES;
				ONLY_ACTIVE_ARCH = YES;
				SDKROOT = iphoneos;
				SWIFT_ACTIVE_COMPILATION_CONDITIONS = DEBUG;
				SWIFT_OPTIMIZATION_LEVEL = "-Onone";
			};
			name = Debug;
		};
		71BCF95B2921EE72008C7614 /* Release */ = {
			isa = XCBuildConfiguration;
			buildSettings = {
				ALWAYS_SEARCH_USER_PATHS = NO;
				CLANG_ANALYZER_NONNULL = YES;
				CLANG_ANALYZER_NUMBER_OBJECT_CONVERSION = YES_AGGRESSIVE;
				CLANG_CXX_LANGUAGE_STANDARD = "gnu++20";
				CLANG_ENABLE_MODULES = YES;
				CLANG_ENABLE_OBJC_ARC = YES;
				CLANG_ENABLE_OBJC_WEAK = YES;
				CLANG_WARN_BLOCK_CAPTURE_AUTORELEASING = YES;
				CLANG_WARN_BOOL_CONVERSION = YES;
				CLANG_WARN_COMMA = YES;
				CLANG_WARN_CONSTANT_CONVERSION = YES;
				CLANG_WARN_DEPRECATED_OBJC_IMPLEMENTATIONS = YES;
				CLANG_WARN_DIRECT_OBJC_ISA_USAGE = YES_ERROR;
				CLANG_WARN_DOCUMENTATION_COMMENTS = YES;
				CLANG_WARN_EMPTY_BODY = YES;
				CLANG_WARN_ENUM_CONVERSION = YES;
				CLANG_WARN_INFINITE_RECURSION = YES;
				CLANG_WARN_INT_CONVERSION = YES;
				CLANG_WARN_NON_LITERAL_NULL_CONVERSION = YES;
				CLANG_WARN_OBJC_IMPLICIT_RETAIN_SELF = YES;
				CLANG_WARN_OBJC_LITERAL_CONVERSION = YES;
				CLANG_WARN_OBJC_ROOT_CLASS = YES_ERROR;
				CLANG_WARN_QUOTED_INCLUDE_IN_FRAMEWORK_HEADER = YES;
				CLANG_WARN_RANGE_LOOP_ANALYSIS = YES;
				CLANG_WARN_STRICT_PROTOTYPES = YES;
				CLANG_WARN_SUSPICIOUS_MOVE = YES;
				CLANG_WARN_UNGUARDED_AVAILABILITY = YES_AGGRESSIVE;
				CLANG_WARN_UNREACHABLE_CODE = YES;
				CLANG_WARN__DUPLICATE_METHOD_MATCH = YES;
				COPY_PHASE_STRIP = NO;
				DEBUG_INFORMATION_FORMAT = "dwarf-with-dsym";
				ENABLE_NS_ASSERTIONS = NO;
				ENABLE_STRICT_OBJC_MSGSEND = YES;
				GCC_C_LANGUAGE_STANDARD = gnu11;
				GCC_NO_COMMON_BLOCKS = YES;
				GCC_WARN_64_TO_32_BIT_CONVERSION = YES;
				GCC_WARN_ABOUT_RETURN_TYPE = YES_ERROR;
				GCC_WARN_UNDECLARED_SELECTOR = YES;
				GCC_WARN_UNINITIALIZED_AUTOS = YES_AGGRESSIVE;
				GCC_WARN_UNUSED_FUNCTION = YES;
				GCC_WARN_UNUSED_VARIABLE = YES;
				IPHONEOS_DEPLOYMENT_TARGET = 16.1;
				MTL_ENABLE_DEBUG_INFO = NO;
				MTL_FAST_MATH = YES;
				SDKROOT = iphoneos;
				SWIFT_COMPILATION_MODE = wholemodule;
				SWIFT_OPTIMIZATION_LEVEL = "-O";
				VALIDATE_PRODUCT = YES;
			};
			name = Release;
		};
		71BCF95D2921EE72008C7614 /* Debug */ = {
			isa = XCBuildConfiguration;
			buildSettings = {
				ALWAYS_EMBED_SWIFT_STANDARD_LIBRARIES = YES;
				ASSETCATALOG_COMPILER_APPICON_NAME = AppIcon;
				ASSETCATALOG_COMPILER_GLOBAL_ACCENT_COLOR_NAME = AccentColor;
				CODE_SIGN_ENTITLEMENTS = DeepSkyCatalogiOS/DeepSkyCatalog.entitlements;
				CODE_SIGN_STYLE = Automatic;
				CURRENT_PROJECT_VERSION = 9;
				DEVELOPMENT_ASSET_PATHS = "";
				DEVELOPMENT_TEAM = Y68DX6VH2U;
				ENABLE_PREVIEWS = NO;
				GENERATE_INFOPLIST_FILE = YES;
				INFOPLIST_FILE = DeepSkyCatalogiOS/Info.plist;
				INFOPLIST_KEY_CFBundleDisplayName = "Astro Planner";
				INFOPLIST_KEY_LSApplicationCategoryType = "public.app-category.reference";
				INFOPLIST_KEY_NSLocationWhenInUseUsageDescription = "Allows showing information for your current location";
				INFOPLIST_KEY_UIApplicationSceneManifest_Generation = YES;
				INFOPLIST_KEY_UIApplicationSupportsIndirectInputEvents = YES;
				INFOPLIST_KEY_UILaunchScreen_Generation = YES;
				INFOPLIST_KEY_UIStatusBarStyle = UIStatusBarStyleDarkContent;
				INFOPLIST_KEY_UISupportedInterfaceOrientations = UIInterfaceOrientationPortrait;
				INFOPLIST_KEY_UISupportedInterfaceOrientations_iPad = "UIInterfaceOrientationLandscapeLeft UIInterfaceOrientationLandscapeRight UIInterfaceOrientationPortrait UIInterfaceOrientationPortraitUpsideDown";
				IPHONEOS_DEPLOYMENT_TARGET = 16.2;
				LD_RUNPATH_SEARCH_PATHS = (
					"$(inherited)",
					"@executable_path/Frameworks",
				);
				MARKETING_VERSION = 0.4.0;
				PRODUCT_BUNDLE_IDENTIFIER = com.ryansponzilli.DeepSkyCatalog;
				PRODUCT_NAME = "$(TARGET_NAME)";
				SUPPORTED_PLATFORMS = "iphoneos iphonesimulator";
				SUPPORTS_MACCATALYST = NO;
				SUPPORTS_MAC_DESIGNED_FOR_IPHONE_IPAD = NO;
				SWIFT_EMIT_LOC_STRINGS = YES;
				SWIFT_VERSION = 5.0;
				TARGETED_DEVICE_FAMILY = "1,2";
			};
			name = Debug;
		};
		71BCF95E2921EE72008C7614 /* Release */ = {
			isa = XCBuildConfiguration;
			buildSettings = {
				ALWAYS_EMBED_SWIFT_STANDARD_LIBRARIES = YES;
				ASSETCATALOG_COMPILER_APPICON_NAME = AppIcon;
				ASSETCATALOG_COMPILER_GLOBAL_ACCENT_COLOR_NAME = AccentColor;
				CODE_SIGN_ENTITLEMENTS = DeepSkyCatalogiOS/DeepSkyCatalog.entitlements;
				CODE_SIGN_STYLE = Automatic;
				CURRENT_PROJECT_VERSION = 9;
				DEVELOPMENT_ASSET_PATHS = "";
				DEVELOPMENT_TEAM = Y68DX6VH2U;
				ENABLE_PREVIEWS = NO;
				GENERATE_INFOPLIST_FILE = YES;
				INFOPLIST_FILE = DeepSkyCatalogiOS/Info.plist;
				INFOPLIST_KEY_CFBundleDisplayName = "Astro Planner";
				INFOPLIST_KEY_LSApplicationCategoryType = "public.app-category.reference";
				INFOPLIST_KEY_NSLocationWhenInUseUsageDescription = "Allows showing information for your current location";
				INFOPLIST_KEY_UIApplicationSceneManifest_Generation = YES;
				INFOPLIST_KEY_UIApplicationSupportsIndirectInputEvents = YES;
				INFOPLIST_KEY_UILaunchScreen_Generation = YES;
				INFOPLIST_KEY_UIStatusBarStyle = UIStatusBarStyleDarkContent;
				INFOPLIST_KEY_UISupportedInterfaceOrientations = UIInterfaceOrientationPortrait;
				INFOPLIST_KEY_UISupportedInterfaceOrientations_iPad = "UIInterfaceOrientationLandscapeLeft UIInterfaceOrientationLandscapeRight UIInterfaceOrientationPortrait UIInterfaceOrientationPortraitUpsideDown";
				IPHONEOS_DEPLOYMENT_TARGET = 16.2;
				LD_RUNPATH_SEARCH_PATHS = (
					"$(inherited)",
					"@executable_path/Frameworks",
				);
				MARKETING_VERSION = 0.4.0;
				PRODUCT_BUNDLE_IDENTIFIER = com.ryansponzilli.DeepSkyCatalog;
				PRODUCT_NAME = "$(TARGET_NAME)";
				SUPPORTED_PLATFORMS = "iphoneos iphonesimulator";
				SUPPORTS_MACCATALYST = NO;
				SUPPORTS_MAC_DESIGNED_FOR_IPHONE_IPAD = NO;
				SWIFT_EMIT_LOC_STRINGS = YES;
				SWIFT_VERSION = 5.0;
				TARGETED_DEVICE_FAMILY = "1,2";
			};
			name = Release;
		};
		71C26449298F1C640057EC04 /* Debug */ = {
			isa = XCBuildConfiguration;
			buildSettings = {
				ASSETCATALOG_COMPILER_APPICON_NAME = AppIcon;
				ASSETCATALOG_COMPILER_GLOBAL_ACCENT_COLOR_NAME = AccentColor;
				CODE_SIGN_ENTITLEMENTS = DeepSkyCatalogMac/DeepSkyCatalogMac.entitlements;
				CODE_SIGN_IDENTITY = "-";
				CODE_SIGN_STYLE = Automatic;
				COMBINE_HIDPI_IMAGES = YES;
				CURRENT_PROJECT_VERSION = 1;
				DEAD_CODE_STRIPPING = YES;
				DEVELOPMENT_ASSET_PATHS = "\"DeepSkyCatalogMac/Preview Content\"";
				DEVELOPMENT_TEAM = Y68DX6VH2U;
				ENABLE_HARDENED_RUNTIME = YES;
				ENABLE_PREVIEWS = YES;
				GENERATE_INFOPLIST_FILE = YES;
				INFOPLIST_FILE = DeepSkyCatalogMac/Info.plist;
				INFOPLIST_KEY_NSHumanReadableCopyright = "";
				LD_RUNPATH_SEARCH_PATHS = (
					"$(inherited)",
					"@executable_path/../Frameworks",
				);
				MACOSX_DEPLOYMENT_TARGET = 13.1;
				MARKETING_VERSION = 1.0;
				PRODUCT_BUNDLE_IDENTIFIER = com.ryansponzilli.DeepSkyCatalogMac;
				PRODUCT_NAME = "$(TARGET_NAME)";
				SDKROOT = macosx;
				SWIFT_EMIT_LOC_STRINGS = YES;
				SWIFT_VERSION = 5.0;
			};
			name = Debug;
		};
		71C2644A298F1C640057EC04 /* Release */ = {
			isa = XCBuildConfiguration;
			buildSettings = {
				ASSETCATALOG_COMPILER_APPICON_NAME = AppIcon;
				ASSETCATALOG_COMPILER_GLOBAL_ACCENT_COLOR_NAME = AccentColor;
				CODE_SIGN_ENTITLEMENTS = DeepSkyCatalogMac/DeepSkyCatalogMac.entitlements;
				CODE_SIGN_IDENTITY = "-";
				CODE_SIGN_STYLE = Automatic;
				COMBINE_HIDPI_IMAGES = YES;
				CURRENT_PROJECT_VERSION = 1;
				DEAD_CODE_STRIPPING = YES;
				DEVELOPMENT_ASSET_PATHS = "\"DeepSkyCatalogMac/Preview Content\"";
				DEVELOPMENT_TEAM = Y68DX6VH2U;
				ENABLE_HARDENED_RUNTIME = YES;
				ENABLE_PREVIEWS = YES;
				GENERATE_INFOPLIST_FILE = YES;
				INFOPLIST_FILE = DeepSkyCatalogMac/Info.plist;
				INFOPLIST_KEY_NSHumanReadableCopyright = "";
				LD_RUNPATH_SEARCH_PATHS = (
					"$(inherited)",
					"@executable_path/../Frameworks",
				);
				MACOSX_DEPLOYMENT_TARGET = 13.1;
				MARKETING_VERSION = 1.0;
				PRODUCT_BUNDLE_IDENTIFIER = com.ryansponzilli.DeepSkyCatalogMac;
				PRODUCT_NAME = "$(TARGET_NAME)";
				SDKROOT = macosx;
				SWIFT_EMIT_LOC_STRINGS = YES;
				SWIFT_VERSION = 5.0;
			};
			name = Release;
		};
/* End XCBuildConfiguration section */

/* Begin XCConfigurationList section */
		7162D34F2964DBF1007C8710 /* Build configuration list for PBXNativeTarget "DeepSkyCatalogWidgetExtension" */ = {
			isa = XCConfigurationList;
			buildConfigurations = (
				7162D34D2964DBF1007C8710 /* Debug */,
				7162D34E2964DBF1007C8710 /* Release */,
			);
			defaultConfigurationIsVisible = 0;
			defaultConfigurationName = Release;
		};
		7164CED429BE4E72000A154A /* Build configuration list for PBXNativeTarget "DeepSkyCatalogIntents" */ = {
			isa = XCConfigurationList;
			buildConfigurations = (
				7164CED529BE4E72000A154A /* Debug */,
				7164CED629BE4E72000A154A /* Release */,
			);
			defaultConfigurationIsVisible = 0;
			defaultConfigurationName = Release;
		};
		7181F014299BCFD2002841A8 /* Build configuration list for PBXNativeTarget "TargetCurator" */ = {
			isa = XCConfigurationList;
			buildConfigurations = (
				7181F012299BCFD2002841A8 /* Debug */,
				7181F013299BCFD2002841A8 /* Release */,
			);
			defaultConfigurationIsVisible = 0;
			defaultConfigurationName = Release;
		};
		71BCF9442921EE71008C7614 /* Build configuration list for PBXProject "DeepSkyCatalog " */ = {
			isa = XCConfigurationList;
			buildConfigurations = (
				71BCF95A2921EE72008C7614 /* Debug */,
				71BCF95B2921EE72008C7614 /* Release */,
			);
			defaultConfigurationIsVisible = 0;
			defaultConfigurationName = Release;
		};
		71BCF95C2921EE72008C7614 /* Build configuration list for PBXNativeTarget "DeepSkyCatalogiOS" */ = {
			isa = XCConfigurationList;
			buildConfigurations = (
				71BCF95D2921EE72008C7614 /* Debug */,
				71BCF95E2921EE72008C7614 /* Release */,
			);
			defaultConfigurationIsVisible = 0;
			defaultConfigurationName = Release;
		};
		71C26448298F1C640057EC04 /* Build configuration list for PBXNativeTarget "DeepSkyCatalogMac" */ = {
			isa = XCConfigurationList;
			buildConfigurations = (
				71C26449298F1C640057EC04 /* Debug */,
				71C2644A298F1C640057EC04 /* Release */,
			);
			defaultConfigurationIsVisible = 0;
			defaultConfigurationName = Release;
		};
/* End XCConfigurationList section */

/* Begin XCVersionGroup section */
		71BCF9572921EE72008C7614 /* DeepSkyCatalog.xcdatamodeld */ = {
			isa = XCVersionGroup;
			children = (
				71E03E6729C0B9FC0034FE08 /* DeepSkyCatalog-2.xcdatamodel */,
				71BCF9582921EE72008C7614 /* DeepSkyCatalog.xcdatamodel */,
			);
			currentVersion = 71E03E6729C0B9FC0034FE08 /* DeepSkyCatalog-2.xcdatamodel */;
			path = DeepSkyCatalog.xcdatamodeld;
			sourceTree = "<group>";
			versionGroupType = wrapper.xcdatamodel;
		};
/* End XCVersionGroup section */
	};
	rootObject = 71BCF9412921EE71008C7614 /* Project object */;
}
